// !$*UTF8*$!
{
	archiveVersion = 1;
	classes = {
	};
	objectVersion = 46;
	objects = {

/* Begin PBXBuildFile section */
		0E238F0E1E6BAA28001F493A /* UserProfileViewModel.swift in Sources */ = {isa = PBXBuildFile; fileRef = 0E238F0D1E6BAA28001F493A /* UserProfileViewModel.swift */; };
		0E238F471E6BD60B001F493A /* UserProfileEventDatasource.swift in Sources */ = {isa = PBXBuildFile; fileRef = 0E238F461E6BD60B001F493A /* UserProfileEventDatasource.swift */; };
		0E238F491E6BD669001F493A /* UserProfileOrganizationDatasource.swift in Sources */ = {isa = PBXBuildFile; fileRef = 0E238F481E6BD669001F493A /* UserProfileOrganizationDatasource.swift */; };
		0E238F4B1E6BD6DB001F493A /* UserProfileEventTableViewCell.swift in Sources */ = {isa = PBXBuildFile; fileRef = 0E238F4A1E6BD6DB001F493A /* UserProfileEventTableViewCell.swift */; };
		0E238F4D1E6BD777001F493A /* UserProfileOrganizationTableViewCell.swift in Sources */ = {isa = PBXBuildFile; fileRef = 0E238F4C1E6BD777001F493A /* UserProfileOrganizationTableViewCell.swift */; };
		0E50A9CC1E67F5210002A40D /* KSCache.swift in Sources */ = {isa = PBXBuildFile; fileRef = 0E50A9CB1E67F5210002A40D /* KSCache.swift */; };
		0E50AA021E67F55B0002A40D /* NSHTTPCookieStorageType.swift in Sources */ = {isa = PBXBuildFile; fileRef = 0E50AA011E67F55B0002A40D /* NSHTTPCookieStorageType.swift */; };
		0E50AA041E67F56F0002A40D /* DateProtocol.swift in Sources */ = {isa = PBXBuildFile; fileRef = 0E50AA031E67F56F0002A40D /* DateProtocol.swift */; };
		0E50AA0A1E67F6140002A40D /* Reachability.swift in Sources */ = {isa = PBXBuildFile; fileRef = 0E50AA091E67F6140002A40D /* Reachability.swift */; };
		0E50AA0C1E67F6310002A40D /* KeyValueStoreType.swift in Sources */ = {isa = PBXBuildFile; fileRef = 0E50AA0B1E67F6310002A40D /* KeyValueStoreType.swift */; };
		0E50AA0D1E67FA3F0002A40D /* SlideMenuControllerSwift.framework in Frameworks */ = {isa = PBXBuildFile; fileRef = 0E94F5C81E6587D700E962B6 /* SlideMenuControllerSwift.framework */; };
		0E50AA0E1E67FA3F0002A40D /* SlideMenuControllerSwift.framework in Embed Frameworks */ = {isa = PBXBuildFile; fileRef = 0E94F5C81E6587D700E962B6 /* SlideMenuControllerSwift.framework */; settings = {ATTRIBUTES = (CodeSignOnCopy, RemoveHeadersOnCopy, ); }; };
		0E50AA121E67FCF60002A40D /* AppDelegateViewModel.swift in Sources */ = {isa = PBXBuildFile; fileRef = 0E50AA111E67FCF60002A40D /* AppDelegateViewModel.swift */; };
		0E50AA301E6843D30002A40D /* Notifications.swift in Sources */ = {isa = PBXBuildFile; fileRef = 0E50AA2F1E6843D30002A40D /* Notifications.swift */; };
		0E50AA321E6844700002A40D /* Main.storyboard in Resources */ = {isa = PBXBuildFile; fileRef = 0E50AA311E6844700002A40D /* Main.storyboard */; };
		0E50AA431E6849500002A40D /* RootSplitViewController.swift in Sources */ = {isa = PBXBuildFile; fileRef = 0E50AA421E6849500002A40D /* RootSplitViewController.swift */; };
		0E50AA781E6849B00002A40D /* RootSplitViewModel.swift in Sources */ = {isa = PBXBuildFile; fileRef = 0E50AA771E6849B00002A40D /* RootSplitViewModel.swift */; };
		0E84B5621E67AADA00C5ADF7 /* Menu.storyboard in Resources */ = {isa = PBXBuildFile; fileRef = 0E84B5611E67AADA00C5ADF7 /* Menu.storyboard */; };
		0E84B5981E67AAF000C5ADF7 /* MenuViewController.swift in Sources */ = {isa = PBXBuildFile; fileRef = 0E84B5971E67AAF000C5ADF7 /* MenuViewController.swift */; };
		0E84B59A1E67AB1300C5ADF7 /* MenuViewModel.swift in Sources */ = {isa = PBXBuildFile; fileRef = 0E84B5991E67AB1300C5ADF7 /* MenuViewModel.swift */; };
		0E84B59C1E67AB2E00C5ADF7 /* Environment.swift in Sources */ = {isa = PBXBuildFile; fileRef = 0E84B59B1E67AB2E00C5ADF7 /* Environment.swift */; };
		0E84B59E1E67AB3B00C5ADF7 /* AppEnvironment.swift in Sources */ = {isa = PBXBuildFile; fileRef = 0E84B59D1E67AB3B00C5ADF7 /* AppEnvironment.swift */; };
		0E84B5A01E67C3DE00C5ADF7 /* UserProfile.storyboard in Resources */ = {isa = PBXBuildFile; fileRef = 0E84B59F1E67C3DE00C5ADF7 /* UserProfile.storyboard */; };
		0E84B5A21E67C3EE00C5ADF7 /* UserProfileViewController.swift in Sources */ = {isa = PBXBuildFile; fileRef = 0E84B5A11E67C3EE00C5ADF7 /* UserProfileViewController.swift */; };
		0E94F1ED1E65189900E962B6 /* AppDelegate.swift in Sources */ = {isa = PBXBuildFile; fileRef = 0E94F1EC1E65189900E962B6 /* AppDelegate.swift */; };
		0E94F1F41E65189900E962B6 /* Assets.xcassets in Resources */ = {isa = PBXBuildFile; fileRef = 0E94F1F31E65189900E962B6 /* Assets.xcassets */; };
		0E94F1F71E65189900E962B6 /* LaunchScreen.storyboard in Resources */ = {isa = PBXBuildFile; fileRef = 0E94F1F51E65189900E962B6 /* LaunchScreen.storyboard */; };
		0E94F2021E65189900E962B6 /* GHClientTests.swift in Sources */ = {isa = PBXBuildFile; fileRef = 0E94F2011E65189900E962B6 /* GHClientTests.swift */; };
		0E94F2D21E651B7E00E962B6 /* GHAPI.framework in Frameworks */ = {isa = PBXBuildFile; fileRef = 0E94F2CF1E651B2B00E962B6 /* GHAPI.framework */; };
		0E94F2D31E651B7E00E962B6 /* GHAPI.framework in Embed Frameworks */ = {isa = PBXBuildFile; fileRef = 0E94F2CF1E651B2B00E962B6 /* GHAPI.framework */; settings = {ATTRIBUTES = (CodeSignOnCopy, RemoveHeadersOnCopy, ); }; };
		0E94F2D61E651B7E00E962B6 /* Runes.framework in Frameworks */ = {isa = PBXBuildFile; fileRef = 0E94F2BC1E651AF100E962B6 /* Runes.framework */; };
		0E94F2D71E651B7E00E962B6 /* Runes.framework in Embed Frameworks */ = {isa = PBXBuildFile; fileRef = 0E94F2BC1E651AF100E962B6 /* Runes.framework */; settings = {ATTRIBUTES = (CodeSignOnCopy, RemoveHeadersOnCopy, ); }; };
		0E94F2DA1E651B7E00E962B6 /* Result.framework in Frameworks */ = {isa = PBXBuildFile; fileRef = 0E94F2A61E651AE900E962B6 /* Result.framework */; };
		0E94F2DB1E651B7E00E962B6 /* Result.framework in Embed Frameworks */ = {isa = PBXBuildFile; fileRef = 0E94F2A61E651AE900E962B6 /* Result.framework */; settings = {ATTRIBUTES = (CodeSignOnCopy, RemoveHeadersOnCopy, ); }; };
		0E94F2DE1E651B7E00E962B6 /* ReactiveSwift.framework in Frameworks */ = {isa = PBXBuildFile; fileRef = 0E94F28D1E651AE000E962B6 /* ReactiveSwift.framework */; };
		0E94F2DF1E651B7E00E962B6 /* ReactiveSwift.framework in Embed Frameworks */ = {isa = PBXBuildFile; fileRef = 0E94F28D1E651AE000E962B6 /* ReactiveSwift.framework */; settings = {ATTRIBUTES = (CodeSignOnCopy, RemoveHeadersOnCopy, ); }; };
		0E94F2E21E651B7E00E962B6 /* ReactiveCocoa.framework in Frameworks */ = {isa = PBXBuildFile; fileRef = 0E94F2751E651AD100E962B6 /* ReactiveCocoa.framework */; };
		0E94F2E31E651B7E00E962B6 /* ReactiveCocoa.framework in Embed Frameworks */ = {isa = PBXBuildFile; fileRef = 0E94F2751E651AD100E962B6 /* ReactiveCocoa.framework */; settings = {ATTRIBUTES = (CodeSignOnCopy, RemoveHeadersOnCopy, ); }; };
		0E94F2E61E651B7E00E962B6 /* ReactiveExtensions.framework in Frameworks */ = {isa = PBXBuildFile; fileRef = 0E94F25B1E651AC700E962B6 /* ReactiveExtensions.framework */; };
		0E94F2E71E651B7E00E962B6 /* ReactiveExtensions.framework in Embed Frameworks */ = {isa = PBXBuildFile; fileRef = 0E94F25B1E651AC700E962B6 /* ReactiveExtensions.framework */; settings = {ATTRIBUTES = (CodeSignOnCopy, RemoveHeadersOnCopy, ); }; };
		0E94F2EA1E651B7E00E962B6 /* Prelude.framework in Frameworks */ = {isa = PBXBuildFile; fileRef = 0E94F2401E651ABF00E962B6 /* Prelude.framework */; };
		0E94F2EB1E651B7E00E962B6 /* Prelude.framework in Embed Frameworks */ = {isa = PBXBuildFile; fileRef = 0E94F2401E651ABF00E962B6 /* Prelude.framework */; settings = {ATTRIBUTES = (CodeSignOnCopy, RemoveHeadersOnCopy, ); }; };
		0E94F2EE1E651B7E00E962B6 /* Prelude_UIKit.framework in Frameworks */ = {isa = PBXBuildFile; fileRef = 0E94F2481E651ABF00E962B6 /* Prelude_UIKit.framework */; };
		0E94F2EF1E651B7E00E962B6 /* Prelude_UIKit.framework in Embed Frameworks */ = {isa = PBXBuildFile; fileRef = 0E94F2481E651ABF00E962B6 /* Prelude_UIKit.framework */; settings = {ATTRIBUTES = (CodeSignOnCopy, RemoveHeadersOnCopy, ); }; };
		0E94F2F21E651B7E00E962B6 /* Curry.framework in Frameworks */ = {isa = PBXBuildFile; fileRef = 0E94F22D1E651AAE00E962B6 /* Curry.framework */; };
		0E94F2F31E651B7E00E962B6 /* Curry.framework in Embed Frameworks */ = {isa = PBXBuildFile; fileRef = 0E94F22D1E651AAE00E962B6 /* Curry.framework */; settings = {ATTRIBUTES = (CodeSignOnCopy, RemoveHeadersOnCopy, ); }; };
		0E94F2F61E651B7E00E962B6 /* Argo.framework in Frameworks */ = {isa = PBXBuildFile; fileRef = 0E94F2181E651AA600E962B6 /* Argo.framework */; };
		0E94F2F71E651B7E00E962B6 /* Argo.framework in Embed Frameworks */ = {isa = PBXBuildFile; fileRef = 0E94F2181E651AA600E962B6 /* Argo.framework */; settings = {ATTRIBUTES = (CodeSignOnCopy, RemoveHeadersOnCopy, ); }; };
		0E94F3201E651CBA00E962B6 /* NSBundleType.swift in Sources */ = {isa = PBXBuildFile; fileRef = 0E94F31D1E651CBA00E962B6 /* NSBundleType.swift */; };
		0E94F3211E651CBA00E962B6 /* Storyboard.swift in Sources */ = {isa = PBXBuildFile; fileRef = 0E94F31E1E651CBA00E962B6 /* Storyboard.swift */; };
		0E94F3221E651CBA00E962B6 /* UIViewController-Preparation.swift in Sources */ = {isa = PBXBuildFile; fileRef = 0E94F31F1E651CBA00E962B6 /* UIViewController-Preparation.swift */; };
		0E94F3281E651FE000E962B6 /* Login.storyboard in Resources */ = {isa = PBXBuildFile; fileRef = 0E94F3271E651FE000E962B6 /* Login.storyboard */; };
		0E94F32A1E65206000E962B6 /* LoginViewController.swift in Sources */ = {isa = PBXBuildFile; fileRef = 0E94F3291E65206000E962B6 /* LoginViewController.swift */; };
		0E94F32C1E652B4500E962B6 /* LoginViewModel.swift in Sources */ = {isa = PBXBuildFile; fileRef = 0E94F32B1E652B4500E962B6 /* LoginViewModel.swift */; };
		0E94F5AB1E654ABF00E962B6 /* Account.swift in Sources */ = {isa = PBXBuildFile; fileRef = 0E94F5AA1E654ABF00E962B6 /* Account.swift */; };
		0E94F5B91E65758400E962B6 /* M13ProgressSuite.framework in Frameworks */ = {isa = PBXBuildFile; fileRef = 0E94F5B81E65756C00E962B6 /* M13ProgressSuite.framework */; };
		0E94F5BA1E65758400E962B6 /* M13ProgressSuite.framework in Embed Frameworks */ = {isa = PBXBuildFile; fileRef = 0E94F5B81E65756C00E962B6 /* M13ProgressSuite.framework */; settings = {ATTRIBUTES = (CodeSignOnCopy, RemoveHeadersOnCopy, ); }; };
		0ED6460E1E69500900017D28 /* MenuDataSource.swift in Sources */ = {isa = PBXBuildFile; fileRef = 0ED6460D1E69500900017D28 /* MenuDataSource.swift */; };
		0ED646101E69508D00017D28 /* ValueCellDataSource.swift in Sources */ = {isa = PBXBuildFile; fileRef = 0ED6460F1E69508D00017D28 /* ValueCellDataSource.swift */; };
		0ED6464C1E6950E700017D28 /* ValueCell.swift in Sources */ = {isa = PBXBuildFile; fileRef = 0ED6464B1E6950E700017D28 /* ValueCell.swift */; };
		0ED6464E1E695BCD00017D28 /* UIView-Extensions.swift in Sources */ = {isa = PBXBuildFile; fileRef = 0ED6464D1E695BCD00017D28 /* UIView-Extensions.swift */; };
		0ED646511E695C4300017D28 /* MenuGeneralCell.swift in Sources */ = {isa = PBXBuildFile; fileRef = 0ED646501E695C4300017D28 /* MenuGeneralCell.swift */; };
		0ED646531E69901200017D28 /* MenuItem.swift in Sources */ = {isa = PBXBuildFile; fileRef = 0ED646521E69901200017D28 /* MenuItem.swift */; };
/* End PBXBuildFile section */

/* Begin PBXContainerItemProxy section */
		0E50AA0F1E67FA3F0002A40D /* PBXContainerItemProxy */ = {
			isa = PBXContainerItemProxy;
			containerPortal = 0E94F5BD1E6587D700E962B6 /* SlideMenuControllerSwift.xcodeproj */;
			proxyType = 1;
			remoteGlobalIDString = 0E75C5951BE3CA7900844634;
			remoteInfo = "SlideMenuControllerSwift-iOS";
		};
		0E94F1FE1E65189900E962B6 /* PBXContainerItemProxy */ = {
			isa = PBXContainerItemProxy;
			containerPortal = 0E94F1E11E65189900E962B6 /* Project object */;
			proxyType = 1;
			remoteGlobalIDString = 0E94F1E81E65189900E962B6;
			remoteInfo = GHClient;
		};
		0E94F2171E651AA600E962B6 /* PBXContainerItemProxy */ = {
			isa = PBXContainerItemProxy;
			containerPortal = 0E94F20D1E651AA600E962B6 /* Argo.xcodeproj */;
			proxyType = 2;
			remoteGlobalIDString = EAD9FACF19D0EAB50031E006;
			remoteInfo = "Argo-iOS";
		};
		0E94F2191E651AA600E962B6 /* PBXContainerItemProxy */ = {
			isa = PBXContainerItemProxy;
			containerPortal = 0E94F20D1E651AA600E962B6 /* Argo.xcodeproj */;
			proxyType = 2;
			remoteGlobalIDString = EAD9FADA19D0EAB60031E006;
			remoteInfo = ArgoTests;
		};
		0E94F21B1E651AA600E962B6 /* PBXContainerItemProxy */ = {
			isa = PBXContainerItemProxy;
			containerPortal = 0E94F20D1E651AA600E962B6 /* Argo.xcodeproj */;
			proxyType = 2;
			remoteGlobalIDString = F89335541A4CE83000B88685;
			remoteInfo = "Argo-Mac";
		};
		0E94F21D1E651AA600E962B6 /* PBXContainerItemProxy */ = {
			isa = PBXContainerItemProxy;
			containerPortal = 0E94F20D1E651AA600E962B6 /* Argo.xcodeproj */;
			proxyType = 2;
			remoteGlobalIDString = F893355E1A4CE83000B88685;
			remoteInfo = "Argo-MacTests";
		};
		0E94F21F1E651AA600E962B6 /* PBXContainerItemProxy */ = {
			isa = PBXContainerItemProxy;
			containerPortal = 0E94F20D1E651AA600E962B6 /* Argo.xcodeproj */;
			proxyType = 2;
			remoteGlobalIDString = D0592EB61B77DD7800EFEF39;
			remoteInfo = "Argo-watchOS";
		};
		0E94F2211E651AA600E962B6 /* PBXContainerItemProxy */ = {
			isa = PBXContainerItemProxy;
			containerPortal = 0E94F20D1E651AA600E962B6 /* Argo.xcodeproj */;
			proxyType = 2;
			remoteGlobalIDString = 809754C11BADF34100C409E6;
			remoteInfo = "Argo-tvOS";
		};
		0E94F2231E651AA600E962B6 /* PBXContainerItemProxy */ = {
			isa = PBXContainerItemProxy;
			containerPortal = 0E94F20D1E651AA600E962B6 /* Argo.xcodeproj */;
			proxyType = 2;
			remoteGlobalIDString = 809754CA1BADF34200C409E6;
			remoteInfo = "Argo-tvOSTests";
		};
		0E94F22C1E651AAE00E962B6 /* PBXContainerItemProxy */ = {
			isa = PBXContainerItemProxy;
			containerPortal = 0E94F2251E651AAE00E962B6 /* Curry.xcodeproj */;
			proxyType = 2;
			remoteGlobalIDString = F88630561B4EF96200F53969;
			remoteInfo = "Curry-iOS";
		};
		0E94F22E1E651AAE00E962B6 /* PBXContainerItemProxy */ = {
			isa = PBXContainerItemProxy;
			containerPortal = 0E94F2251E651AAE00E962B6 /* Curry.xcodeproj */;
			proxyType = 2;
			remoteGlobalIDString = F886307D1B4EF9F800F53969;
			remoteInfo = "Curry-Mac";
		};
		0E94F2301E651AAE00E962B6 /* PBXContainerItemProxy */ = {
			isa = PBXContainerItemProxy;
			containerPortal = 0E94F2251E651AAE00E962B6 /* Curry.xcodeproj */;
			proxyType = 2;
			remoteGlobalIDString = 804D01F31BA3684C0005BBC4;
			remoteInfo = "Curry-watchOS";
		};
		0E94F2321E651AAE00E962B6 /* PBXContainerItemProxy */ = {
			isa = PBXContainerItemProxy;
			containerPortal = 0E94F2251E651AAE00E962B6 /* Curry.xcodeproj */;
			proxyType = 2;
			remoteGlobalIDString = 80E059071BA9FA7F0077CBA7;
			remoteInfo = "Curry-tvOS";
		};
		0E94F23F1E651ABF00E962B6 /* PBXContainerItemProxy */ = {
			isa = PBXContainerItemProxy;
			containerPortal = 0E94F2341E651ABE00E962B6 /* Prelude.xcodeproj */;
			proxyType = 2;
			remoteGlobalIDString = A7FD08641C81E1DA00332CCB;
			remoteInfo = "Prelude-iOS";
		};
		0E94F2411E651ABF00E962B6 /* PBXContainerItemProxy */ = {
			isa = PBXContainerItemProxy;
			containerPortal = 0E94F2341E651ABE00E962B6 /* Prelude.xcodeproj */;
			proxyType = 2;
			remoteGlobalIDString = A7FD087B1C81E24A00332CCB;
			remoteInfo = "Prelude-iOSTests";
		};
		0E94F2431E651ABF00E962B6 /* PBXContainerItemProxy */ = {
			isa = PBXContainerItemProxy;
			containerPortal = 0E94F2341E651ABE00E962B6 /* Prelude.xcodeproj */;
			proxyType = 2;
			remoteGlobalIDString = CA0923F81BB6291900C9EC88;
			remoteInfo = "Prelude-tvOS";
		};
		0E94F2451E651ABF00E962B6 /* PBXContainerItemProxy */ = {
			isa = PBXContainerItemProxy;
			containerPortal = 0E94F2341E651ABE00E962B6 /* Prelude.xcodeproj */;
			proxyType = 2;
			remoteGlobalIDString = CA0924021BB6291900C9EC88;
			remoteInfo = "Prelude-tvOSTests";
		};
		0E94F2471E651ABF00E962B6 /* PBXContainerItemProxy */ = {
			isa = PBXContainerItemProxy;
			containerPortal = 0E94F2341E651ABE00E962B6 /* Prelude.xcodeproj */;
			proxyType = 2;
			remoteGlobalIDString = A727E0221D0796D600D8FE43;
			remoteInfo = "Prelude-UIKit-iOS";
		};
		0E94F2491E651ABF00E962B6 /* PBXContainerItemProxy */ = {
			isa = PBXContainerItemProxy;
			containerPortal = 0E94F2341E651ABE00E962B6 /* Prelude.xcodeproj */;
			proxyType = 2;
			remoteGlobalIDString = A727E02B1D0796D600D8FE43;
			remoteInfo = "Prelude-UIKit-iOSTests";
		};
		0E94F24B1E651ABF00E962B6 /* PBXContainerItemProxy */ = {
			isa = PBXContainerItemProxy;
			containerPortal = 0E94F2341E651ABE00E962B6 /* Prelude.xcodeproj */;
			proxyType = 2;
			remoteGlobalIDString = A70969081D14373400DB39D3;
			remoteInfo = "Prelude-UIKit-tvOS";
		};
		0E94F24D1E651ABF00E962B6 /* PBXContainerItemProxy */ = {
			isa = PBXContainerItemProxy;
			containerPortal = 0E94F2341E651ABE00E962B6 /* Prelude.xcodeproj */;
			proxyType = 2;
			remoteGlobalIDString = A70969111D14373400DB39D3;
			remoteInfo = "Prelude-UIKit-tvOSTests";
		};
		0E94F25A1E651AC700E962B6 /* PBXContainerItemProxy */ = {
			isa = PBXContainerItemProxy;
			containerPortal = 0E94F24F1E651AC700E962B6 /* ReactiveExtensions.xcodeproj */;
			proxyType = 2;
			remoteGlobalIDString = A7FD08B41C81EDBD00332CCB;
			remoteInfo = "ReactiveExtensions-iOS";
		};
		0E94F25C1E651AC700E962B6 /* PBXContainerItemProxy */ = {
			isa = PBXContainerItemProxy;
			containerPortal = 0E94F24F1E651AC700E962B6 /* ReactiveExtensions.xcodeproj */;
			proxyType = 2;
			remoteGlobalIDString = A7FD08E11C81EEA100332CCB;
			remoteInfo = "ReactiveExtensions-iOSTests";
		};
		0E94F25E1E651AC700E962B6 /* PBXContainerItemProxy */ = {
			isa = PBXContainerItemProxy;
			containerPortal = 0E94F24F1E651AC700E962B6 /* ReactiveExtensions.xcodeproj */;
			proxyType = 2;
			remoteGlobalIDString = CA43C6631BB35FCF00C180DA;
			remoteInfo = "ReactiveExtensions-tvOS";
		};
		0E94F2601E651AC700E962B6 /* PBXContainerItemProxy */ = {
			isa = PBXContainerItemProxy;
			containerPortal = 0E94F24F1E651AC700E962B6 /* ReactiveExtensions.xcodeproj */;
			proxyType = 2;
			remoteGlobalIDString = A7983B881C2AFB1C003A1ABE;
			remoteInfo = "ReactiveExtensions-tvOSTests";
		};
		0E94F2621E651AC700E962B6 /* PBXContainerItemProxy */ = {
			isa = PBXContainerItemProxy;
			containerPortal = 0E94F24F1E651AC700E962B6 /* ReactiveExtensions.xcodeproj */;
			proxyType = 2;
			remoteGlobalIDString = A7DB1D3A1C9F355E008244DA;
			remoteInfo = "ReactiveExtensions-TestHelpers-iOS";
		};
		0E94F2641E651AC700E962B6 /* PBXContainerItemProxy */ = {
			isa = PBXContainerItemProxy;
			containerPortal = 0E94F24F1E651AC700E962B6 /* ReactiveExtensions.xcodeproj */;
			proxyType = 2;
			remoteGlobalIDString = A7DB1D5A1C9F4FD7008244DA;
			remoteInfo = "ReactiveExtensions-TestHelpers-tvOS";
		};
		0E94F2701E651AD100E962B6 /* PBXContainerItemProxy */ = {
			isa = PBXContainerItemProxy;
			containerPortal = 0E94F2661E651AD000E962B6 /* ReactiveCocoa.xcodeproj */;
			proxyType = 2;
			remoteGlobalIDString = D04725EA19E49ED7006002AA;
			remoteInfo = "ReactiveCocoa-macOS";
		};
		0E94F2721E651AD100E962B6 /* PBXContainerItemProxy */ = {
			isa = PBXContainerItemProxy;
			containerPortal = 0E94F2661E651AD000E962B6 /* ReactiveCocoa.xcodeproj */;
			proxyType = 2;
			remoteGlobalIDString = D04725F519E49ED7006002AA;
			remoteInfo = "ReactiveCocoa-macOSTests";
		};
		0E94F2741E651AD100E962B6 /* PBXContainerItemProxy */ = {
			isa = PBXContainerItemProxy;
			containerPortal = 0E94F2661E651AD000E962B6 /* ReactiveCocoa.xcodeproj */;
			proxyType = 2;
			remoteGlobalIDString = D047260C19E49F82006002AA;
			remoteInfo = "ReactiveCocoa-iOS";
		};
		0E94F2761E651AD100E962B6 /* PBXContainerItemProxy */ = {
			isa = PBXContainerItemProxy;
			containerPortal = 0E94F2661E651AD000E962B6 /* ReactiveCocoa.xcodeproj */;
			proxyType = 2;
			remoteGlobalIDString = D047261619E49F82006002AA;
			remoteInfo = "ReactiveCocoa-iOSTests";
		};
		0E94F2781E651AD100E962B6 /* PBXContainerItemProxy */ = {
			isa = PBXContainerItemProxy;
			containerPortal = 0E94F2661E651AD000E962B6 /* ReactiveCocoa.xcodeproj */;
			proxyType = 2;
			remoteGlobalIDString = A9B315541B3940610001CB9C;
			remoteInfo = "ReactiveCocoa-watchOS";
		};
		0E94F27A1E651AD100E962B6 /* PBXContainerItemProxy */ = {
			isa = PBXContainerItemProxy;
			containerPortal = 0E94F2661E651AD000E962B6 /* ReactiveCocoa.xcodeproj */;
			proxyType = 2;
			remoteGlobalIDString = 57A4D2411BA13D7A00F7D4B1;
			remoteInfo = "ReactiveCocoa-tvOS";
		};
		0E94F27C1E651AD100E962B6 /* PBXContainerItemProxy */ = {
			isa = PBXContainerItemProxy;
			containerPortal = 0E94F2661E651AD000E962B6 /* ReactiveCocoa.xcodeproj */;
			proxyType = 2;
			remoteGlobalIDString = 7DFBED031CDB8C9500EE435B;
			remoteInfo = "ReactiveCocoa-tvOSTests";
		};
		0E94F2881E651AE000E962B6 /* PBXContainerItemProxy */ = {
			isa = PBXContainerItemProxy;
			containerPortal = 0E94F27E1E651ADF00E962B6 /* ReactiveSwift.xcodeproj */;
			proxyType = 2;
			remoteGlobalIDString = D04725EA19E49ED7006002AA;
			remoteInfo = "ReactiveSwift-macOS";
		};
		0E94F28A1E651AE000E962B6 /* PBXContainerItemProxy */ = {
			isa = PBXContainerItemProxy;
			containerPortal = 0E94F27E1E651ADF00E962B6 /* ReactiveSwift.xcodeproj */;
			proxyType = 2;
			remoteGlobalIDString = D04725F519E49ED7006002AA;
			remoteInfo = "ReactiveSwift-macOSTests";
		};
		0E94F28C1E651AE000E962B6 /* PBXContainerItemProxy */ = {
			isa = PBXContainerItemProxy;
			containerPortal = 0E94F27E1E651ADF00E962B6 /* ReactiveSwift.xcodeproj */;
			proxyType = 2;
			remoteGlobalIDString = D047260C19E49F82006002AA;
			remoteInfo = "ReactiveSwift-iOS";
		};
		0E94F28E1E651AE000E962B6 /* PBXContainerItemProxy */ = {
			isa = PBXContainerItemProxy;
			containerPortal = 0E94F27E1E651ADF00E962B6 /* ReactiveSwift.xcodeproj */;
			proxyType = 2;
			remoteGlobalIDString = D047261619E49F82006002AA;
			remoteInfo = "ReactiveSwift-iOSTests";
		};
		0E94F2901E651AE000E962B6 /* PBXContainerItemProxy */ = {
			isa = PBXContainerItemProxy;
			containerPortal = 0E94F27E1E651ADF00E962B6 /* ReactiveSwift.xcodeproj */;
			proxyType = 2;
			remoteGlobalIDString = A9B315541B3940610001CB9C;
			remoteInfo = "ReactiveSwift-watchOS";
		};
		0E94F2921E651AE000E962B6 /* PBXContainerItemProxy */ = {
			isa = PBXContainerItemProxy;
			containerPortal = 0E94F27E1E651ADF00E962B6 /* ReactiveSwift.xcodeproj */;
			proxyType = 2;
			remoteGlobalIDString = 57A4D2411BA13D7A00F7D4B1;
			remoteInfo = "ReactiveSwift-tvOS";
		};
		0E94F2941E651AE000E962B6 /* PBXContainerItemProxy */ = {
			isa = PBXContainerItemProxy;
			containerPortal = 0E94F27E1E651ADF00E962B6 /* ReactiveSwift.xcodeproj */;
			proxyType = 2;
			remoteGlobalIDString = 7DFBED031CDB8C9500EE435B;
			remoteInfo = "ReactiveSwift-tvOSTests";
		};
		0E94F2A11E651AE900E962B6 /* PBXContainerItemProxy */ = {
			isa = PBXContainerItemProxy;
			containerPortal = 0E94F2961E651AE900E962B6 /* Result.xcodeproj */;
			proxyType = 2;
			remoteGlobalIDString = D45480571A9572F5009D7229;
			remoteInfo = "Result-Mac";
		};
		0E94F2A31E651AE900E962B6 /* PBXContainerItemProxy */ = {
			isa = PBXContainerItemProxy;
			containerPortal = 0E94F2961E651AE900E962B6 /* Result.xcodeproj */;
			proxyType = 2;
			remoteGlobalIDString = D45480671A9572F5009D7229;
			remoteInfo = "Result-MacTests";
		};
		0E94F2A51E651AE900E962B6 /* PBXContainerItemProxy */ = {
			isa = PBXContainerItemProxy;
			containerPortal = 0E94F2961E651AE900E962B6 /* Result.xcodeproj */;
			proxyType = 2;
			remoteGlobalIDString = D454807D1A957361009D7229;
			remoteInfo = "Result-iOS";
		};
		0E94F2A71E651AE900E962B6 /* PBXContainerItemProxy */ = {
			isa = PBXContainerItemProxy;
			containerPortal = 0E94F2961E651AE900E962B6 /* Result.xcodeproj */;
			proxyType = 2;
			remoteGlobalIDString = D45480871A957362009D7229;
			remoteInfo = "Result-iOSTests";
		};
		0E94F2A91E651AE900E962B6 /* PBXContainerItemProxy */ = {
			isa = PBXContainerItemProxy;
			containerPortal = 0E94F2961E651AE900E962B6 /* Result.xcodeproj */;
			proxyType = 2;
			remoteGlobalIDString = 57FCDE471BA280DC00130C48;
			remoteInfo = "Result-tvOS";
		};
		0E94F2AB1E651AE900E962B6 /* PBXContainerItemProxy */ = {
			isa = PBXContainerItemProxy;
			containerPortal = 0E94F2961E651AE900E962B6 /* Result.xcodeproj */;
			proxyType = 2;
			remoteGlobalIDString = 57FCDE541BA280E000130C48;
			remoteInfo = "Result-tvOSTests";
		};
		0E94F2AD1E651AE900E962B6 /* PBXContainerItemProxy */ = {
			isa = PBXContainerItemProxy;
			containerPortal = 0E94F2961E651AE900E962B6 /* Result.xcodeproj */;
			proxyType = 2;
			remoteGlobalIDString = D03579A31B2B788F005D26AE;
			remoteInfo = "Result-watchOS";
		};
		0E94F2AF1E651AE900E962B6 /* PBXContainerItemProxy */ = {
			isa = PBXContainerItemProxy;
			containerPortal = 0E94F2961E651AE900E962B6 /* Result.xcodeproj */;
			proxyType = 2;
			remoteGlobalIDString = D03579B01B2B78A1005D26AE;
			remoteInfo = "Result-watchOSTests";
		};
		0E94F2BB1E651AF100E962B6 /* PBXContainerItemProxy */ = {
			isa = PBXContainerItemProxy;
			containerPortal = 0E94F2B11E651AF100E962B6 /* Runes.xcodeproj */;
			proxyType = 2;
			remoteGlobalIDString = F802D4D21A5F218E005E236C;
			remoteInfo = "Runes-iOS";
		};
		0E94F2BD1E651AF100E962B6 /* PBXContainerItemProxy */ = {
			isa = PBXContainerItemProxy;
			containerPortal = 0E94F2B11E651AF100E962B6 /* Runes.xcodeproj */;
			proxyType = 2;
			remoteGlobalIDString = F86B2E0B1A5F2B8D00C3B8BD;
			remoteInfo = "Runes-Mac";
		};
		0E94F2BF1E651AF100E962B6 /* PBXContainerItemProxy */ = {
			isa = PBXContainerItemProxy;
			containerPortal = 0E94F2B11E651AF100E962B6 /* Runes.xcodeproj */;
			proxyType = 2;
			remoteGlobalIDString = 51DE8A121BAB363500124320;
			remoteInfo = "Runes-tvOS";
		};
		0E94F2C11E651AF100E962B6 /* PBXContainerItemProxy */ = {
			isa = PBXContainerItemProxy;
			containerPortal = 0E94F2B11E651AF100E962B6 /* Runes.xcodeproj */;
			proxyType = 2;
			remoteGlobalIDString = F8624C261A645A9600C883B3;
			remoteInfo = "Runes-iOS Tests";
		};
		0E94F2C31E651AF100E962B6 /* PBXContainerItemProxy */ = {
			isa = PBXContainerItemProxy;
			containerPortal = 0E94F2B11E651AF100E962B6 /* Runes.xcodeproj */;
			proxyType = 2;
			remoteGlobalIDString = F8624C451A645C9500C883B3;
			remoteInfo = "Runes-Mac Tests";
		};
		0E94F2C51E651AF100E962B6 /* PBXContainerItemProxy */ = {
			isa = PBXContainerItemProxy;
			containerPortal = 0E94F2B11E651AF100E962B6 /* Runes.xcodeproj */;
			proxyType = 2;
			remoteGlobalIDString = 51DE8A211BAB36E600124320;
			remoteInfo = "Runes-tvOS Tests";
		};
		0E94F2C71E651AF100E962B6 /* PBXContainerItemProxy */ = {
			isa = PBXContainerItemProxy;
			containerPortal = 0E94F2B11E651AF100E962B6 /* Runes.xcodeproj */;
			proxyType = 2;
			remoteGlobalIDString = EAA6A5101B2F154D0058E9A8;
			remoteInfo = "Runes-watchOS";
		};
		0E94F2CE1E651B2B00E962B6 /* PBXContainerItemProxy */ = {
			isa = PBXContainerItemProxy;
			containerPortal = 0E94F2C91E651B2A00E962B6 /* GHAPI.xcodeproj */;
			proxyType = 2;
			remoteGlobalIDString = 0E4D59731E5C5BC0008E4AD6;
			remoteInfo = GHAPI;
		};
		0E94F2D01E651B2B00E962B6 /* PBXContainerItemProxy */ = {
			isa = PBXContainerItemProxy;
			containerPortal = 0E94F2C91E651B2A00E962B6 /* GHAPI.xcodeproj */;
			proxyType = 2;
			remoteGlobalIDString = 0E4D597C1E5C5BC0008E4AD6;
			remoteInfo = GHAPITests;
		};
		0E94F2D41E651B7E00E962B6 /* PBXContainerItemProxy */ = {
			isa = PBXContainerItemProxy;
			containerPortal = 0E94F2C91E651B2A00E962B6 /* GHAPI.xcodeproj */;
			proxyType = 1;
			remoteGlobalIDString = 0E4D59721E5C5BC0008E4AD6;
			remoteInfo = GHAPI;
		};
		0E94F2D81E651B7E00E962B6 /* PBXContainerItemProxy */ = {
			isa = PBXContainerItemProxy;
			containerPortal = 0E94F2B11E651AF100E962B6 /* Runes.xcodeproj */;
			proxyType = 1;
			remoteGlobalIDString = F802D4D11A5F218E005E236C;
			remoteInfo = "Runes-iOS";
		};
		0E94F2DC1E651B7E00E962B6 /* PBXContainerItemProxy */ = {
			isa = PBXContainerItemProxy;
			containerPortal = 0E94F2961E651AE900E962B6 /* Result.xcodeproj */;
			proxyType = 1;
			remoteGlobalIDString = D454807C1A957361009D7229;
			remoteInfo = "Result-iOS";
		};
		0E94F2E01E651B7E00E962B6 /* PBXContainerItemProxy */ = {
			isa = PBXContainerItemProxy;
			containerPortal = 0E94F27E1E651ADF00E962B6 /* ReactiveSwift.xcodeproj */;
			proxyType = 1;
			remoteGlobalIDString = D047260B19E49F82006002AA;
			remoteInfo = "ReactiveSwift-iOS";
		};
		0E94F2E41E651B7E00E962B6 /* PBXContainerItemProxy */ = {
			isa = PBXContainerItemProxy;
			containerPortal = 0E94F2661E651AD000E962B6 /* ReactiveCocoa.xcodeproj */;
			proxyType = 1;
			remoteGlobalIDString = D047260B19E49F82006002AA;
			remoteInfo = "ReactiveCocoa-iOS";
		};
		0E94F2E81E651B7E00E962B6 /* PBXContainerItemProxy */ = {
			isa = PBXContainerItemProxy;
			containerPortal = 0E94F24F1E651AC700E962B6 /* ReactiveExtensions.xcodeproj */;
			proxyType = 1;
			remoteGlobalIDString = A7FD08861C81EDBD00332CCB;
			remoteInfo = "ReactiveExtensions-iOS";
		};
		0E94F2EC1E651B7E00E962B6 /* PBXContainerItemProxy */ = {
			isa = PBXContainerItemProxy;
			containerPortal = 0E94F2341E651ABE00E962B6 /* Prelude.xcodeproj */;
			proxyType = 1;
			remoteGlobalIDString = A7FD084C1C81E1DA00332CCB;
			remoteInfo = "Prelude-iOS";
		};
		0E94F2F01E651B7E00E962B6 /* PBXContainerItemProxy */ = {
			isa = PBXContainerItemProxy;
			containerPortal = 0E94F2341E651ABE00E962B6 /* Prelude.xcodeproj */;
			proxyType = 1;
			remoteGlobalIDString = A727E0211D0796D600D8FE43;
			remoteInfo = "Prelude-UIKit-iOS";
		};
		0E94F2F41E651B7E00E962B6 /* PBXContainerItemProxy */ = {
			isa = PBXContainerItemProxy;
			containerPortal = 0E94F2251E651AAE00E962B6 /* Curry.xcodeproj */;
			proxyType = 1;
			remoteGlobalIDString = F88630551B4EF96200F53969;
			remoteInfo = "Curry-iOS";
		};
		0E94F2F81E651B7E00E962B6 /* PBXContainerItemProxy */ = {
			isa = PBXContainerItemProxy;
			containerPortal = 0E94F20D1E651AA600E962B6 /* Argo.xcodeproj */;
			proxyType = 1;
			remoteGlobalIDString = EAD9FACE19D0EAB50031E006;
			remoteInfo = "Argo-iOS";
		};
		0E94F5B31E65756C00E962B6 /* PBXContainerItemProxy */ = {
			isa = PBXContainerItemProxy;
			containerPortal = 0E94F5AC1E65756C00E962B6 /* M13ProgressSuite.xcodeproj */;
			proxyType = 2;
			remoteGlobalIDString = CA2FAF981889907300BCAEF5;
			remoteInfo = M13ProgressSuiteDemo;
		};
		0E94F5B51E65756C00E962B6 /* PBXContainerItemProxy */ = {
			isa = PBXContainerItemProxy;
			containerPortal = 0E94F5AC1E65756C00E962B6 /* M13ProgressSuite.xcodeproj */;
			proxyType = 2;
			remoteGlobalIDString = CA2FAFBC1889907300BCAEF5;
			remoteInfo = M13ProgressSuiteTests;
		};
		0E94F5B71E65756C00E962B6 /* PBXContainerItemProxy */ = {
			isa = PBXContainerItemProxy;
			containerPortal = 0E94F5AC1E65756C00E962B6 /* M13ProgressSuite.xcodeproj */;
			proxyType = 2;
			remoteGlobalIDString = FB2A7BDC1B793E5600FE4E4A;
			remoteInfo = M13ProgressSuiteFramework;
		};
		0E94F5BB1E65758400E962B6 /* PBXContainerItemProxy */ = {
			isa = PBXContainerItemProxy;
			containerPortal = 0E94F5AC1E65756C00E962B6 /* M13ProgressSuite.xcodeproj */;
			proxyType = 1;
			remoteGlobalIDString = FB2A7BDB1B793E5600FE4E4A;
			remoteInfo = M13ProgressSuiteFramework;
		};
		0E94F5C31E6587D700E962B6 /* PBXContainerItemProxy */ = {
			isa = PBXContainerItemProxy;
			containerPortal = 0E94F5BD1E6587D700E962B6 /* SlideMenuControllerSwift.xcodeproj */;
			proxyType = 2;
			remoteGlobalIDString = C539E6411A315E87003B7CC7;
			remoteInfo = SlideMenuControllerSwift;
		};
		0E94F5C51E6587D700E962B6 /* PBXContainerItemProxy */ = {
			isa = PBXContainerItemProxy;
			containerPortal = 0E94F5BD1E6587D700E962B6 /* SlideMenuControllerSwift.xcodeproj */;
			proxyType = 2;
			remoteGlobalIDString = C539E6591A315E87003B7CC7;
			remoteInfo = SlideMenuControllerSwiftTests;
		};
		0E94F5C71E6587D700E962B6 /* PBXContainerItemProxy */ = {
			isa = PBXContainerItemProxy;
			containerPortal = 0E94F5BD1E6587D700E962B6 /* SlideMenuControllerSwift.xcodeproj */;
			proxyType = 2;
			remoteGlobalIDString = 0E75C5961BE3CA7900844634;
			remoteInfo = "SlideMenuControllerSwift-iOS";
		};
/* End PBXContainerItemProxy section */

/* Begin PBXCopyFilesBuildPhase section */
		0E94F2FA1E651B7E00E962B6 /* Embed Frameworks */ = {
			isa = PBXCopyFilesBuildPhase;
			buildActionMask = 2147483647;
			dstPath = "";
			dstSubfolderSpec = 10;
			files = (
				0E94F2DB1E651B7E00E962B6 /* Result.framework in Embed Frameworks */,
				0E94F2EF1E651B7E00E962B6 /* Prelude_UIKit.framework in Embed Frameworks */,
				0E94F2F31E651B7E00E962B6 /* Curry.framework in Embed Frameworks */,
				0E94F5BA1E65758400E962B6 /* M13ProgressSuite.framework in Embed Frameworks */,
				0E94F2D71E651B7E00E962B6 /* Runes.framework in Embed Frameworks */,
				0E94F2EB1E651B7E00E962B6 /* Prelude.framework in Embed Frameworks */,
				0E94F2D31E651B7E00E962B6 /* GHAPI.framework in Embed Frameworks */,
				0E94F2DF1E651B7E00E962B6 /* ReactiveSwift.framework in Embed Frameworks */,
				0E94F2F71E651B7E00E962B6 /* Argo.framework in Embed Frameworks */,
				0E50AA0E1E67FA3F0002A40D /* SlideMenuControllerSwift.framework in Embed Frameworks */,
				0E94F2E31E651B7E00E962B6 /* ReactiveCocoa.framework in Embed Frameworks */,
				0E94F2E71E651B7E00E962B6 /* ReactiveExtensions.framework in Embed Frameworks */,
			);
			name = "Embed Frameworks";
			runOnlyForDeploymentPostprocessing = 0;
		};
/* End PBXCopyFilesBuildPhase section */

/* Begin PBXFileReference section */
		0E238F0D1E6BAA28001F493A /* UserProfileViewModel.swift */ = {isa = PBXFileReference; fileEncoding = 4; lastKnownFileType = sourcecode.swift; path = UserProfileViewModel.swift; sourceTree = "<group>"; };
		0E238F461E6BD60B001F493A /* UserProfileEventDatasource.swift */ = {isa = PBXFileReference; fileEncoding = 4; lastKnownFileType = sourcecode.swift; path = UserProfileEventDatasource.swift; sourceTree = "<group>"; };
		0E238F481E6BD669001F493A /* UserProfileOrganizationDatasource.swift */ = {isa = PBXFileReference; fileEncoding = 4; lastKnownFileType = sourcecode.swift; path = UserProfileOrganizationDatasource.swift; sourceTree = "<group>"; };
		0E238F4A1E6BD6DB001F493A /* UserProfileEventTableViewCell.swift */ = {isa = PBXFileReference; fileEncoding = 4; lastKnownFileType = sourcecode.swift; path = UserProfileEventTableViewCell.swift; sourceTree = "<group>"; };
		0E238F4C1E6BD777001F493A /* UserProfileOrganizationTableViewCell.swift */ = {isa = PBXFileReference; fileEncoding = 4; lastKnownFileType = sourcecode.swift; path = UserProfileOrganizationTableViewCell.swift; sourceTree = "<group>"; };
		0E50A9CB1E67F5210002A40D /* KSCache.swift */ = {isa = PBXFileReference; fileEncoding = 4; lastKnownFileType = sourcecode.swift; path = KSCache.swift; sourceTree = "<group>"; };
		0E50AA011E67F55B0002A40D /* NSHTTPCookieStorageType.swift */ = {isa = PBXFileReference; fileEncoding = 4; lastKnownFileType = sourcecode.swift; path = NSHTTPCookieStorageType.swift; sourceTree = "<group>"; };
		0E50AA031E67F56F0002A40D /* DateProtocol.swift */ = {isa = PBXFileReference; fileEncoding = 4; lastKnownFileType = sourcecode.swift; path = DateProtocol.swift; sourceTree = "<group>"; };
		0E50AA091E67F6140002A40D /* Reachability.swift */ = {isa = PBXFileReference; fileEncoding = 4; lastKnownFileType = sourcecode.swift; path = Reachability.swift; sourceTree = "<group>"; };
		0E50AA0B1E67F6310002A40D /* KeyValueStoreType.swift */ = {isa = PBXFileReference; fileEncoding = 4; lastKnownFileType = sourcecode.swift; path = KeyValueStoreType.swift; sourceTree = "<group>"; };
		0E50AA111E67FCF60002A40D /* AppDelegateViewModel.swift */ = {isa = PBXFileReference; fileEncoding = 4; lastKnownFileType = sourcecode.swift; path = AppDelegateViewModel.swift; sourceTree = "<group>"; };
		0E50AA2F1E6843D30002A40D /* Notifications.swift */ = {isa = PBXFileReference; fileEncoding = 4; lastKnownFileType = sourcecode.swift; path = Notifications.swift; sourceTree = "<group>"; };
		0E50AA311E6844700002A40D /* Main.storyboard */ = {isa = PBXFileReference; fileEncoding = 4; lastKnownFileType = file.storyboard; path = Main.storyboard; sourceTree = "<group>"; };
		0E50AA421E6849500002A40D /* RootSplitViewController.swift */ = {isa = PBXFileReference; fileEncoding = 4; lastKnownFileType = sourcecode.swift; path = RootSplitViewController.swift; sourceTree = "<group>"; };
		0E50AA771E6849B00002A40D /* RootSplitViewModel.swift */ = {isa = PBXFileReference; fileEncoding = 4; lastKnownFileType = sourcecode.swift; path = RootSplitViewModel.swift; sourceTree = "<group>"; };
		0E84B5611E67AADA00C5ADF7 /* Menu.storyboard */ = {isa = PBXFileReference; fileEncoding = 4; lastKnownFileType = file.storyboard; path = Menu.storyboard; sourceTree = "<group>"; };
		0E84B5971E67AAF000C5ADF7 /* MenuViewController.swift */ = {isa = PBXFileReference; fileEncoding = 4; lastKnownFileType = sourcecode.swift; path = MenuViewController.swift; sourceTree = "<group>"; };
		0E84B5991E67AB1300C5ADF7 /* MenuViewModel.swift */ = {isa = PBXFileReference; fileEncoding = 4; lastKnownFileType = sourcecode.swift; path = MenuViewModel.swift; sourceTree = "<group>"; };
		0E84B59B1E67AB2E00C5ADF7 /* Environment.swift */ = {isa = PBXFileReference; fileEncoding = 4; lastKnownFileType = sourcecode.swift; path = Environment.swift; sourceTree = "<group>"; };
		0E84B59D1E67AB3B00C5ADF7 /* AppEnvironment.swift */ = {isa = PBXFileReference; fileEncoding = 4; lastKnownFileType = sourcecode.swift; path = AppEnvironment.swift; sourceTree = "<group>"; };
		0E84B59F1E67C3DE00C5ADF7 /* UserProfile.storyboard */ = {isa = PBXFileReference; fileEncoding = 4; lastKnownFileType = file.storyboard; path = UserProfile.storyboard; sourceTree = "<group>"; };
		0E84B5A11E67C3EE00C5ADF7 /* UserProfileViewController.swift */ = {isa = PBXFileReference; fileEncoding = 4; lastKnownFileType = sourcecode.swift; path = UserProfileViewController.swift; sourceTree = "<group>"; };
		0E94F1E91E65189900E962B6 /* GHClient.app */ = {isa = PBXFileReference; explicitFileType = wrapper.application; includeInIndex = 0; path = GHClient.app; sourceTree = BUILT_PRODUCTS_DIR; };
		0E94F1EC1E65189900E962B6 /* AppDelegate.swift */ = {isa = PBXFileReference; lastKnownFileType = sourcecode.swift; path = AppDelegate.swift; sourceTree = "<group>"; };
		0E94F1F31E65189900E962B6 /* Assets.xcassets */ = {isa = PBXFileReference; lastKnownFileType = folder.assetcatalog; path = Assets.xcassets; sourceTree = "<group>"; };
		0E94F1F61E65189900E962B6 /* Base */ = {isa = PBXFileReference; lastKnownFileType = file.storyboard; name = Base; path = Base.lproj/LaunchScreen.storyboard; sourceTree = "<group>"; };
		0E94F1F81E65189900E962B6 /* Info.plist */ = {isa = PBXFileReference; lastKnownFileType = text.plist.xml; path = Info.plist; sourceTree = "<group>"; };
		0E94F1FD1E65189900E962B6 /* GHClientTests.xctest */ = {isa = PBXFileReference; explicitFileType = wrapper.cfbundle; includeInIndex = 0; path = GHClientTests.xctest; sourceTree = BUILT_PRODUCTS_DIR; };
		0E94F2011E65189900E962B6 /* GHClientTests.swift */ = {isa = PBXFileReference; lastKnownFileType = sourcecode.swift; path = GHClientTests.swift; sourceTree = "<group>"; };
		0E94F2031E65189900E962B6 /* Info.plist */ = {isa = PBXFileReference; lastKnownFileType = text.plist.xml; path = Info.plist; sourceTree = "<group>"; };
		0E94F20D1E651AA600E962B6 /* Argo.xcodeproj */ = {isa = PBXFileReference; lastKnownFileType = "wrapper.pb-project"; name = Argo.xcodeproj; path = Argo/Argo.xcodeproj; sourceTree = "<group>"; };
		0E94F2251E651AAE00E962B6 /* Curry.xcodeproj */ = {isa = PBXFileReference; lastKnownFileType = "wrapper.pb-project"; name = Curry.xcodeproj; path = Curry/Curry.xcodeproj; sourceTree = "<group>"; };
		0E94F2341E651ABE00E962B6 /* Prelude.xcodeproj */ = {isa = PBXFileReference; lastKnownFileType = "wrapper.pb-project"; name = Prelude.xcodeproj; path = "Kickstarter-Prelude/Prelude.xcodeproj"; sourceTree = "<group>"; };
		0E94F24F1E651AC700E962B6 /* ReactiveExtensions.xcodeproj */ = {isa = PBXFileReference; lastKnownFileType = "wrapper.pb-project"; name = ReactiveExtensions.xcodeproj; path = "Kickstarter-ReactiveExtensions/ReactiveExtensions.xcodeproj"; sourceTree = "<group>"; };
		0E94F2661E651AD000E962B6 /* ReactiveCocoa.xcodeproj */ = {isa = PBXFileReference; lastKnownFileType = "wrapper.pb-project"; name = ReactiveCocoa.xcodeproj; path = ReactiveCocoa/ReactiveCocoa.xcodeproj; sourceTree = "<group>"; };
		0E94F27E1E651ADF00E962B6 /* ReactiveSwift.xcodeproj */ = {isa = PBXFileReference; lastKnownFileType = "wrapper.pb-project"; name = ReactiveSwift.xcodeproj; path = ReactiveCocoa/Carthage/Checkouts/ReactiveSwift/ReactiveSwift.xcodeproj; sourceTree = "<group>"; };
		0E94F2961E651AE900E962B6 /* Result.xcodeproj */ = {isa = PBXFileReference; lastKnownFileType = "wrapper.pb-project"; name = Result.xcodeproj; path = ReactiveCocoa/Carthage/Checkouts/Result/Result.xcodeproj; sourceTree = "<group>"; };
		0E94F2B11E651AF100E962B6 /* Runes.xcodeproj */ = {isa = PBXFileReference; lastKnownFileType = "wrapper.pb-project"; name = Runes.xcodeproj; path = Runes/Runes.xcodeproj; sourceTree = "<group>"; };
		0E94F2C91E651B2A00E962B6 /* GHAPI.xcodeproj */ = {isa = PBXFileReference; lastKnownFileType = "wrapper.pb-project"; name = GHAPI.xcodeproj; path = GHAPI/GHAPI.xcodeproj; sourceTree = "<group>"; };
		0E94F31D1E651CBA00E962B6 /* NSBundleType.swift */ = {isa = PBXFileReference; fileEncoding = 4; lastKnownFileType = sourcecode.swift; path = NSBundleType.swift; sourceTree = "<group>"; };
		0E94F31E1E651CBA00E962B6 /* Storyboard.swift */ = {isa = PBXFileReference; fileEncoding = 4; lastKnownFileType = sourcecode.swift; path = Storyboard.swift; sourceTree = "<group>"; };
		0E94F31F1E651CBA00E962B6 /* UIViewController-Preparation.swift */ = {isa = PBXFileReference; fileEncoding = 4; lastKnownFileType = sourcecode.swift; path = "UIViewController-Preparation.swift"; sourceTree = "<group>"; };
		0E94F3271E651FE000E962B6 /* Login.storyboard */ = {isa = PBXFileReference; fileEncoding = 4; lastKnownFileType = file.storyboard; path = Login.storyboard; sourceTree = "<group>"; };
		0E94F3291E65206000E962B6 /* LoginViewController.swift */ = {isa = PBXFileReference; fileEncoding = 4; lastKnownFileType = sourcecode.swift; path = LoginViewController.swift; sourceTree = "<group>"; };
		0E94F32B1E652B4500E962B6 /* LoginViewModel.swift */ = {isa = PBXFileReference; fileEncoding = 4; lastKnownFileType = sourcecode.swift; path = LoginViewModel.swift; sourceTree = "<group>"; };
		0E94F5AA1E654ABF00E962B6 /* Account.swift */ = {isa = PBXFileReference; fileEncoding = 4; lastKnownFileType = sourcecode.swift; path = Account.swift; sourceTree = "<group>"; };
		0E94F5AC1E65756C00E962B6 /* M13ProgressSuite.xcodeproj */ = {isa = PBXFileReference; lastKnownFileType = "wrapper.pb-project"; name = M13ProgressSuite.xcodeproj; path = M13ProgressSuite/M13ProgressSuite.xcodeproj; sourceTree = "<group>"; };
		0E94F5BD1E6587D700E962B6 /* SlideMenuControllerSwift.xcodeproj */ = {isa = PBXFileReference; lastKnownFileType = "wrapper.pb-project"; name = SlideMenuControllerSwift.xcodeproj; path = SlideMenuControllerSwift/SlideMenuControllerSwift.xcodeproj; sourceTree = "<group>"; };
		0ED6460D1E69500900017D28 /* MenuDataSource.swift */ = {isa = PBXFileReference; fileEncoding = 4; lastKnownFileType = sourcecode.swift; path = MenuDataSource.swift; sourceTree = "<group>"; };
		0ED6460F1E69508D00017D28 /* ValueCellDataSource.swift */ = {isa = PBXFileReference; fileEncoding = 4; lastKnownFileType = sourcecode.swift; path = ValueCellDataSource.swift; sourceTree = "<group>"; };
		0ED6464B1E6950E700017D28 /* ValueCell.swift */ = {isa = PBXFileReference; fileEncoding = 4; lastKnownFileType = sourcecode.swift; path = ValueCell.swift; sourceTree = "<group>"; };
		0ED6464D1E695BCD00017D28 /* UIView-Extensions.swift */ = {isa = PBXFileReference; fileEncoding = 4; lastKnownFileType = sourcecode.swift; path = "UIView-Extensions.swift"; sourceTree = "<group>"; };
		0ED646501E695C4300017D28 /* MenuGeneralCell.swift */ = {isa = PBXFileReference; fileEncoding = 4; lastKnownFileType = sourcecode.swift; path = MenuGeneralCell.swift; sourceTree = "<group>"; };
		0ED646521E69901200017D28 /* MenuItem.swift */ = {isa = PBXFileReference; fileEncoding = 4; lastKnownFileType = sourcecode.swift; path = MenuItem.swift; sourceTree = "<group>"; };
/* End PBXFileReference section */

/* Begin PBXFrameworksBuildPhase section */
		0E94F1E61E65189900E962B6 /* Frameworks */ = {
			isa = PBXFrameworksBuildPhase;
			buildActionMask = 2147483647;
			files = (
				0E94F2DA1E651B7E00E962B6 /* Result.framework in Frameworks */,
				0E94F2EE1E651B7E00E962B6 /* Prelude_UIKit.framework in Frameworks */,
				0E94F2F21E651B7E00E962B6 /* Curry.framework in Frameworks */,
				0E94F5B91E65758400E962B6 /* M13ProgressSuite.framework in Frameworks */,
				0E94F2D61E651B7E00E962B6 /* Runes.framework in Frameworks */,
				0E94F2EA1E651B7E00E962B6 /* Prelude.framework in Frameworks */,
				0E94F2D21E651B7E00E962B6 /* GHAPI.framework in Frameworks */,
				0E94F2DE1E651B7E00E962B6 /* ReactiveSwift.framework in Frameworks */,
				0E94F2F61E651B7E00E962B6 /* Argo.framework in Frameworks */,
				0E50AA0D1E67FA3F0002A40D /* SlideMenuControllerSwift.framework in Frameworks */,
				0E94F2E21E651B7E00E962B6 /* ReactiveCocoa.framework in Frameworks */,
				0E94F2E61E651B7E00E962B6 /* ReactiveExtensions.framework in Frameworks */,
			);
			runOnlyForDeploymentPostprocessing = 0;
		};
		0E94F1FA1E65189900E962B6 /* Frameworks */ = {
			isa = PBXFrameworksBuildPhase;
			buildActionMask = 2147483647;
			files = (
			);
			runOnlyForDeploymentPostprocessing = 0;
		};
/* End PBXFrameworksBuildPhase section */

/* Begin PBXGroup section */
		0E94F1E01E65189900E962B6 = {
			isa = PBXGroup;
			children = (
				0E94F20C1E651A9A00E962B6 /* Frameworks */,
				0E94F1EB1E65189900E962B6 /* GHClient */,
				0E94F2001E65189900E962B6 /* GHClientTests */,
				0E94F1EA1E65189900E962B6 /* Products */,
			);
			sourceTree = "<group>";
		};
		0E94F1EA1E65189900E962B6 /* Products */ = {
			isa = PBXGroup;
			children = (
				0E94F1E91E65189900E962B6 /* GHClient.app */,
				0E94F1FD1E65189900E962B6 /* GHClientTests.xctest */,
			);
			name = Products;
			sourceTree = "<group>";
		};
		0E94F1EB1E65189900E962B6 /* GHClient */ = {
			isa = PBXGroup;
			children = (
				0ED645D91E694FF400017D28 /* DataSource */,
				0E94F31C1E651CA300E962B6 /* Library */,
				0E94F2FE1E651C3500E962B6 /* Models */,
				0E94F3011E651C5000E962B6 /* Resources */,
				0E94F2FB1E651C1800E962B6 /* Storyboards */,
				0E94F3001E651C4400E962B6 /* SupportingFiles */,
				0E94F2FF1E651C3B00E962B6 /* Utilities */,
				0E94F2FC1E651C2300E962B6 /* ViewControllers */,
				0E94F2FD1E651C2C00E962B6 /* ViewModels */,
				0E94F3231E651CF000E962B6 /* Views */,
			);
			path = GHClient;
			sourceTree = "<group>";
		};
		0E94F2001E65189900E962B6 /* GHClientTests */ = {
			isa = PBXGroup;
			children = (
				0E94F2011E65189900E962B6 /* GHClientTests.swift */,
				0E94F2031E65189900E962B6 /* Info.plist */,
			);
			path = GHClientTests;
			sourceTree = "<group>";
		};
		0E94F20C1E651A9A00E962B6 /* Frameworks */ = {
			isa = PBXGroup;
			children = (
				0E94F5BD1E6587D700E962B6 /* SlideMenuControllerSwift.xcodeproj */,
				0E94F5AC1E65756C00E962B6 /* M13ProgressSuite.xcodeproj */,
				0E94F2C91E651B2A00E962B6 /* GHAPI.xcodeproj */,
				0E94F2B11E651AF100E962B6 /* Runes.xcodeproj */,
				0E94F2961E651AE900E962B6 /* Result.xcodeproj */,
				0E94F27E1E651ADF00E962B6 /* ReactiveSwift.xcodeproj */,
				0E94F2661E651AD000E962B6 /* ReactiveCocoa.xcodeproj */,
				0E94F24F1E651AC700E962B6 /* ReactiveExtensions.xcodeproj */,
				0E94F2341E651ABE00E962B6 /* Prelude.xcodeproj */,
				0E94F2251E651AAE00E962B6 /* Curry.xcodeproj */,
				0E94F20D1E651AA600E962B6 /* Argo.xcodeproj */,
			);
			name = Frameworks;
			sourceTree = "<group>";
		};
		0E94F20E1E651AA600E962B6 /* Products */ = {
			isa = PBXGroup;
			children = (
				0E94F2181E651AA600E962B6 /* Argo.framework */,
				0E94F21A1E651AA600E962B6 /* ArgoTests.xctest */,
				0E94F21C1E651AA600E962B6 /* Argo.framework */,
				0E94F21E1E651AA600E962B6 /* Argo-MacTests.xctest */,
				0E94F2201E651AA600E962B6 /* Argo.framework */,
				0E94F2221E651AA600E962B6 /* Argo.framework */,
				0E94F2241E651AA600E962B6 /* Argo-tvOSTests.xctest */,
			);
			name = Products;
			sourceTree = "<group>";
		};
		0E94F2261E651AAE00E962B6 /* Products */ = {
			isa = PBXGroup;
			children = (
				0E94F22D1E651AAE00E962B6 /* Curry.framework */,
				0E94F22F1E651AAE00E962B6 /* Curry.framework */,
				0E94F2311E651AAE00E962B6 /* Curry.framework */,
				0E94F2331E651AAE00E962B6 /* Curry.framework */,
			);
			name = Products;
			sourceTree = "<group>";
		};
		0E94F2351E651ABE00E962B6 /* Products */ = {
			isa = PBXGroup;
			children = (
				0E94F2401E651ABF00E962B6 /* Prelude.framework */,
				0E94F2421E651ABF00E962B6 /* Prelude-iOSTests.xctest */,
				0E94F2441E651ABF00E962B6 /* Prelude.framework */,
				0E94F2461E651ABF00E962B6 /* Prelude-tvOSTests.xctest */,
				0E94F2481E651ABF00E962B6 /* Prelude_UIKit.framework */,
				0E94F24A1E651ABF00E962B6 /* Prelude-UIKit-iOSTests.xctest */,
				0E94F24C1E651ABF00E962B6 /* Prelude_UIKit.framework */,
				0E94F24E1E651ABF00E962B6 /* Prelude-UIKit-tvOSTests.xctest */,
			);
			name = Products;
			sourceTree = "<group>";
		};
		0E94F2501E651AC700E962B6 /* Products */ = {
			isa = PBXGroup;
			children = (
				0E94F25B1E651AC700E962B6 /* ReactiveExtensions.framework */,
				0E94F25D1E651AC700E962B6 /* ReactiveExtensions-iOSTests.xctest */,
				0E94F25F1E651AC700E962B6 /* ReactiveExtensions.framework */,
				0E94F2611E651AC700E962B6 /* ReactiveExtensions-tvOSTests.xctest */,
				0E94F2631E651AC700E962B6 /* ReactiveExtensions_TestHelpers.framework */,
				0E94F2651E651AC700E962B6 /* ReactiveExtensions_TestHelpers.framework */,
			);
			name = Products;
			sourceTree = "<group>";
		};
		0E94F2671E651AD000E962B6 /* Products */ = {
			isa = PBXGroup;
			children = (
				0E94F2711E651AD100E962B6 /* ReactiveCocoa.framework */,
				0E94F2731E651AD100E962B6 /* ReactiveCocoaTests.xctest */,
				0E94F2751E651AD100E962B6 /* ReactiveCocoa.framework */,
				0E94F2771E651AD100E962B6 /* ReactiveCocoaTests.xctest */,
				0E94F2791E651AD100E962B6 /* ReactiveCocoa.framework */,
				0E94F27B1E651AD100E962B6 /* ReactiveCocoa.framework */,
				0E94F27D1E651AD100E962B6 /* ReactiveCocoaTests.xctest */,
			);
			name = Products;
			sourceTree = "<group>";
		};
		0E94F27F1E651ADF00E962B6 /* Products */ = {
			isa = PBXGroup;
			children = (
				0E94F2891E651AE000E962B6 /* ReactiveSwift.framework */,
				0E94F28B1E651AE000E962B6 /* ReactiveSwiftTests.xctest */,
				0E94F28D1E651AE000E962B6 /* ReactiveSwift.framework */,
				0E94F28F1E651AE000E962B6 /* ReactiveSwiftTests.xctest */,
				0E94F2911E651AE000E962B6 /* ReactiveSwift.framework */,
				0E94F2931E651AE000E962B6 /* ReactiveSwift.framework */,
				0E94F2951E651AE000E962B6 /* ReactiveSwiftTests.xctest */,
			);
			name = Products;
			sourceTree = "<group>";
		};
		0E94F2971E651AE900E962B6 /* Products */ = {
			isa = PBXGroup;
			children = (
				0E94F2A21E651AE900E962B6 /* Result.framework */,
				0E94F2A41E651AE900E962B6 /* Result-MacTests.xctest */,
				0E94F2A61E651AE900E962B6 /* Result.framework */,
				0E94F2A81E651AE900E962B6 /* Result-iOSTests.xctest */,
				0E94F2AA1E651AE900E962B6 /* Result.framework */,
				0E94F2AC1E651AE900E962B6 /* Result-tvOSTests.xctest */,
				0E94F2AE1E651AE900E962B6 /* Result.framework */,
				0E94F2B01E651AE900E962B6 /* Result-watchOSTests.xctest */,
			);
			name = Products;
			sourceTree = "<group>";
		};
		0E94F2B21E651AF100E962B6 /* Products */ = {
			isa = PBXGroup;
			children = (
				0E94F2BC1E651AF100E962B6 /* Runes.framework */,
				0E94F2BE1E651AF100E962B6 /* Runes.framework */,
				0E94F2C01E651AF100E962B6 /* Runes.framework */,
				0E94F2C21E651AF100E962B6 /* Runes-iOS Tests.xctest */,
				0E94F2C41E651AF100E962B6 /* Runes-Mac Tests.xctest */,
				0E94F2C61E651AF100E962B6 /* Runes-tvOS Tests.xctest */,
				0E94F2C81E651AF100E962B6 /* Runes.framework */,
			);
			name = Products;
			sourceTree = "<group>";
		};
		0E94F2CA1E651B2A00E962B6 /* Products */ = {
			isa = PBXGroup;
			children = (
				0E94F2CF1E651B2B00E962B6 /* GHAPI.framework */,
				0E94F2D11E651B2B00E962B6 /* GHAPITests.xctest */,
			);
			name = Products;
			sourceTree = "<group>";
		};
		0E94F2FB1E651C1800E962B6 /* Storyboards */ = {
			isa = PBXGroup;
			children = (
				0E94F1F51E65189900E962B6 /* LaunchScreen.storyboard */,
				0E94F3271E651FE000E962B6 /* Login.storyboard */,
				0E50AA311E6844700002A40D /* Main.storyboard */,
				0E84B5611E67AADA00C5ADF7 /* Menu.storyboard */,
				0E84B59F1E67C3DE00C5ADF7 /* UserProfile.storyboard */,
			);
			name = Storyboards;
			sourceTree = "<group>";
		};
		0E94F2FC1E651C2300E962B6 /* ViewControllers */ = {
			isa = PBXGroup;
			children = (
				0E50AA421E6849500002A40D /* RootSplitViewController.swift */,
				0E94F3291E65206000E962B6 /* LoginViewController.swift */,
				0E84B5971E67AAF000C5ADF7 /* MenuViewController.swift */,
				0E84B5A11E67C3EE00C5ADF7 /* UserProfileViewController.swift */,
			);
			name = ViewControllers;
			sourceTree = "<group>";
		};
		0E94F2FD1E651C2C00E962B6 /* ViewModels */ = {
			isa = PBXGroup;
			children = (
				0E50AA111E67FCF60002A40D /* AppDelegateViewModel.swift */,
				0E94F32B1E652B4500E962B6 /* LoginViewModel.swift */,
				0E84B5991E67AB1300C5ADF7 /* MenuViewModel.swift */,
				0E50AA771E6849B00002A40D /* RootSplitViewModel.swift */,
				0E238F0D1E6BAA28001F493A /* UserProfileViewModel.swift */,
			);
			name = ViewModels;
			sourceTree = "<group>";
		};
		0E94F2FE1E651C3500E962B6 /* Models */ = {
			isa = PBXGroup;
			children = (
				0E94F5AA1E654ABF00E962B6 /* Account.swift */,
				0ED646521E69901200017D28 /* MenuItem.swift */,
			);
			name = Models;
			sourceTree = "<group>";
		};
		0E94F2FF1E651C3B00E962B6 /* Utilities */ = {
			isa = PBXGroup;
			children = (
			);
			name = Utilities;
			sourceTree = "<group>";
		};
		0E94F3001E651C4400E962B6 /* SupportingFiles */ = {
			isa = PBXGroup;
			children = (
				0E94F1F81E65189900E962B6 /* Info.plist */,
				0E94F1EC1E65189900E962B6 /* AppDelegate.swift */,
			);
			name = SupportingFiles;
			sourceTree = "<group>";
		};
		0E94F3011E651C5000E962B6 /* Resources */ = {
			isa = PBXGroup;
			children = (
				0E94F1F31E65189900E962B6 /* Assets.xcassets */,
			);
			name = Resources;
			sourceTree = "<group>";
		};
		0E94F31C1E651CA300E962B6 /* Library */ = {
			isa = PBXGroup;
			children = (
				0E84B59D1E67AB3B00C5ADF7 /* AppEnvironment.swift */,
				0E50AA031E67F56F0002A40D /* DateProtocol.swift */,
				0E84B59B1E67AB2E00C5ADF7 /* Environment.swift */,
				0E50AA0B1E67F6310002A40D /* KeyValueStoreType.swift */,
				0E50A9CB1E67F5210002A40D /* KSCache.swift */,
				0E50AA2F1E6843D30002A40D /* Notifications.swift */,
				0E94F31D1E651CBA00E962B6 /* NSBundleType.swift */,
				0E50AA011E67F55B0002A40D /* NSHTTPCookieStorageType.swift */,
				0E50AA091E67F6140002A40D /* Reachability.swift */,
				0E94F31E1E651CBA00E962B6 /* Storyboard.swift */,
				0ED6464D1E695BCD00017D28 /* UIView-Extensions.swift */,
				0E94F31F1E651CBA00E962B6 /* UIViewController-Preparation.swift */,
			);
			name = Library;
			sourceTree = "<group>";
		};
		0E94F3231E651CF000E962B6 /* Views */ = {
			isa = PBXGroup;
			children = (
				0ED6464F1E695BFD00017D28 /* Cells */,
			);
			name = Views;
			sourceTree = "<group>";
		};
		0E94F5AD1E65756C00E962B6 /* Products */ = {
			isa = PBXGroup;
			children = (
				0E94F5B41E65756C00E962B6 /* M13ProgressSuiteDemo.app */,
				0E94F5B61E65756C00E962B6 /* M13ProgressSuiteTests.xctest */,
				0E94F5B81E65756C00E962B6 /* M13ProgressSuite.framework */,
			);
			name = Products;
			sourceTree = "<group>";
		};
		0E94F5BE1E6587D700E962B6 /* Products */ = {
			isa = PBXGroup;
			children = (
				0E94F5C41E6587D700E962B6 /* SlideMenuControllerSwift.app */,
				0E94F5C61E6587D700E962B6 /* SlideMenuControllerSwiftTests.xctest */,
				0E94F5C81E6587D700E962B6 /* SlideMenuControllerSwift.framework */,
			);
			name = Products;
			sourceTree = "<group>";
		};
		0ED645D91E694FF400017D28 /* DataSource */ = {
			isa = PBXGroup;
			children = (
				0ED6464B1E6950E700017D28 /* ValueCell.swift */,
				0ED6460F1E69508D00017D28 /* ValueCellDataSource.swift */,
				0ED6460D1E69500900017D28 /* MenuDataSource.swift */,
				0E238F461E6BD60B001F493A /* UserProfileEventDatasource.swift */,
				0E238F481E6BD669001F493A /* UserProfileOrganizationDatasource.swift */,
			);
			name = DataSource;
			sourceTree = "<group>";
		};
		0ED6464F1E695BFD00017D28 /* Cells */ = {
			isa = PBXGroup;
			children = (
				0ED646501E695C4300017D28 /* MenuGeneralCell.swift */,
				0E238F4A1E6BD6DB001F493A /* UserProfileEventTableViewCell.swift */,
				0E238F4C1E6BD777001F493A /* UserProfileOrganizationTableViewCell.swift */,
			);
			name = Cells;
			sourceTree = "<group>";
		};
/* End PBXGroup section */

/* Begin PBXNativeTarget section */
		0E94F1E81E65189900E962B6 /* GHClient */ = {
			isa = PBXNativeTarget;
			buildConfigurationList = 0E94F2061E65189900E962B6 /* Build configuration list for PBXNativeTarget "GHClient" */;
			buildPhases = (
				0E94F1E51E65189900E962B6 /* Sources */,
				0E94F1E61E65189900E962B6 /* Frameworks */,
				0E94F1E71E65189900E962B6 /* Resources */,
				0E94F2FA1E651B7E00E962B6 /* Embed Frameworks */,
			);
			buildRules = (
			);
			dependencies = (
				0E94F2D51E651B7E00E962B6 /* PBXTargetDependency */,
				0E94F2D91E651B7E00E962B6 /* PBXTargetDependency */,
				0E94F2DD1E651B7E00E962B6 /* PBXTargetDependency */,
				0E94F2E11E651B7E00E962B6 /* PBXTargetDependency */,
				0E94F2E51E651B7E00E962B6 /* PBXTargetDependency */,
				0E94F2E91E651B7E00E962B6 /* PBXTargetDependency */,
				0E94F2ED1E651B7E00E962B6 /* PBXTargetDependency */,
				0E94F2F11E651B7E00E962B6 /* PBXTargetDependency */,
				0E94F2F51E651B7E00E962B6 /* PBXTargetDependency */,
				0E94F2F91E651B7E00E962B6 /* PBXTargetDependency */,
				0E94F5BC1E65758400E962B6 /* PBXTargetDependency */,
				0E50AA101E67FA3F0002A40D /* PBXTargetDependency */,
			);
			name = GHClient;
			productName = GHClient;
			productReference = 0E94F1E91E65189900E962B6 /* GHClient.app */;
			productType = "com.apple.product-type.application";
		};
		0E94F1FC1E65189900E962B6 /* GHClientTests */ = {
			isa = PBXNativeTarget;
			buildConfigurationList = 0E94F2091E65189900E962B6 /* Build configuration list for PBXNativeTarget "GHClientTests" */;
			buildPhases = (
				0E94F1F91E65189900E962B6 /* Sources */,
				0E94F1FA1E65189900E962B6 /* Frameworks */,
				0E94F1FB1E65189900E962B6 /* Resources */,
			);
			buildRules = (
			);
			dependencies = (
				0E94F1FF1E65189900E962B6 /* PBXTargetDependency */,
			);
			name = GHClientTests;
			productName = GHClientTests;
			productReference = 0E94F1FD1E65189900E962B6 /* GHClientTests.xctest */;
			productType = "com.apple.product-type.bundle.unit-test";
		};
/* End PBXNativeTarget section */

/* Begin PBXProject section */
		0E94F1E11E65189900E962B6 /* Project object */ = {
			isa = PBXProject;
			attributes = {
				LastSwiftUpdateCheck = 0820;
				LastUpgradeCheck = 0820;
				ORGANIZATIONNAME = Keith;
				TargetAttributes = {
					0E94F1E81E65189900E962B6 = {
						CreatedOnToolsVersion = 8.2.1;
						DevelopmentTeam = 6T5NK4S24M;
						ProvisioningStyle = Automatic;
					};
					0E94F1FC1E65189900E962B6 = {
						CreatedOnToolsVersion = 8.2.1;
						DevelopmentTeam = 6T5NK4S24M;
						ProvisioningStyle = Automatic;
						TestTargetID = 0E94F1E81E65189900E962B6;
					};
				};
			};
			buildConfigurationList = 0E94F1E41E65189900E962B6 /* Build configuration list for PBXProject "GHClient" */;
			compatibilityVersion = "Xcode 3.2";
			developmentRegion = English;
			hasScannedForEncodings = 0;
			knownRegions = (
				en,
				Base,
			);
			mainGroup = 0E94F1E01E65189900E962B6;
			productRefGroup = 0E94F1EA1E65189900E962B6 /* Products */;
			projectDirPath = "";
			projectReferences = (
				{
					ProductGroup = 0E94F20E1E651AA600E962B6 /* Products */;
					ProjectRef = 0E94F20D1E651AA600E962B6 /* Argo.xcodeproj */;
				},
				{
					ProductGroup = 0E94F2261E651AAE00E962B6 /* Products */;
					ProjectRef = 0E94F2251E651AAE00E962B6 /* Curry.xcodeproj */;
				},
				{
					ProductGroup = 0E94F2CA1E651B2A00E962B6 /* Products */;
					ProjectRef = 0E94F2C91E651B2A00E962B6 /* GHAPI.xcodeproj */;
				},
				{
					ProductGroup = 0E94F5AD1E65756C00E962B6 /* Products */;
					ProjectRef = 0E94F5AC1E65756C00E962B6 /* M13ProgressSuite.xcodeproj */;
				},
				{
					ProductGroup = 0E94F2351E651ABE00E962B6 /* Products */;
					ProjectRef = 0E94F2341E651ABE00E962B6 /* Prelude.xcodeproj */;
				},
				{
					ProductGroup = 0E94F2671E651AD000E962B6 /* Products */;
					ProjectRef = 0E94F2661E651AD000E962B6 /* ReactiveCocoa.xcodeproj */;
				},
				{
					ProductGroup = 0E94F2501E651AC700E962B6 /* Products */;
					ProjectRef = 0E94F24F1E651AC700E962B6 /* ReactiveExtensions.xcodeproj */;
				},
				{
					ProductGroup = 0E94F27F1E651ADF00E962B6 /* Products */;
					ProjectRef = 0E94F27E1E651ADF00E962B6 /* ReactiveSwift.xcodeproj */;
				},
				{
					ProductGroup = 0E94F2971E651AE900E962B6 /* Products */;
					ProjectRef = 0E94F2961E651AE900E962B6 /* Result.xcodeproj */;
				},
				{
					ProductGroup = 0E94F2B21E651AF100E962B6 /* Products */;
					ProjectRef = 0E94F2B11E651AF100E962B6 /* Runes.xcodeproj */;
				},
				{
					ProductGroup = 0E94F5BE1E6587D700E962B6 /* Products */;
					ProjectRef = 0E94F5BD1E6587D700E962B6 /* SlideMenuControllerSwift.xcodeproj */;
				},
			);
			projectRoot = "";
			targets = (
				0E94F1E81E65189900E962B6 /* GHClient */,
				0E94F1FC1E65189900E962B6 /* GHClientTests */,
			);
		};
/* End PBXProject section */

/* Begin PBXReferenceProxy section */
		0E94F2181E651AA600E962B6 /* Argo.framework */ = {
			isa = PBXReferenceProxy;
			fileType = wrapper.framework;
			path = Argo.framework;
			remoteRef = 0E94F2171E651AA600E962B6 /* PBXContainerItemProxy */;
			sourceTree = BUILT_PRODUCTS_DIR;
		};
		0E94F21A1E651AA600E962B6 /* ArgoTests.xctest */ = {
			isa = PBXReferenceProxy;
			fileType = wrapper.cfbundle;
			path = ArgoTests.xctest;
			remoteRef = 0E94F2191E651AA600E962B6 /* PBXContainerItemProxy */;
			sourceTree = BUILT_PRODUCTS_DIR;
		};
		0E94F21C1E651AA600E962B6 /* Argo.framework */ = {
			isa = PBXReferenceProxy;
			fileType = wrapper.framework;
			path = Argo.framework;
			remoteRef = 0E94F21B1E651AA600E962B6 /* PBXContainerItemProxy */;
			sourceTree = BUILT_PRODUCTS_DIR;
		};
		0E94F21E1E651AA600E962B6 /* Argo-MacTests.xctest */ = {
			isa = PBXReferenceProxy;
			fileType = wrapper.cfbundle;
			path = "Argo-MacTests.xctest";
			remoteRef = 0E94F21D1E651AA600E962B6 /* PBXContainerItemProxy */;
			sourceTree = BUILT_PRODUCTS_DIR;
		};
		0E94F2201E651AA600E962B6 /* Argo.framework */ = {
			isa = PBXReferenceProxy;
			fileType = wrapper.framework;
			path = Argo.framework;
			remoteRef = 0E94F21F1E651AA600E962B6 /* PBXContainerItemProxy */;
			sourceTree = BUILT_PRODUCTS_DIR;
		};
		0E94F2221E651AA600E962B6 /* Argo.framework */ = {
			isa = PBXReferenceProxy;
			fileType = wrapper.framework;
			path = Argo.framework;
			remoteRef = 0E94F2211E651AA600E962B6 /* PBXContainerItemProxy */;
			sourceTree = BUILT_PRODUCTS_DIR;
		};
		0E94F2241E651AA600E962B6 /* Argo-tvOSTests.xctest */ = {
			isa = PBXReferenceProxy;
			fileType = wrapper.cfbundle;
			path = "Argo-tvOSTests.xctest";
			remoteRef = 0E94F2231E651AA600E962B6 /* PBXContainerItemProxy */;
			sourceTree = BUILT_PRODUCTS_DIR;
		};
		0E94F22D1E651AAE00E962B6 /* Curry.framework */ = {
			isa = PBXReferenceProxy;
			fileType = wrapper.framework;
			path = Curry.framework;
			remoteRef = 0E94F22C1E651AAE00E962B6 /* PBXContainerItemProxy */;
			sourceTree = BUILT_PRODUCTS_DIR;
		};
		0E94F22F1E651AAE00E962B6 /* Curry.framework */ = {
			isa = PBXReferenceProxy;
			fileType = wrapper.framework;
			path = Curry.framework;
			remoteRef = 0E94F22E1E651AAE00E962B6 /* PBXContainerItemProxy */;
			sourceTree = BUILT_PRODUCTS_DIR;
		};
		0E94F2311E651AAE00E962B6 /* Curry.framework */ = {
			isa = PBXReferenceProxy;
			fileType = wrapper.framework;
			path = Curry.framework;
			remoteRef = 0E94F2301E651AAE00E962B6 /* PBXContainerItemProxy */;
			sourceTree = BUILT_PRODUCTS_DIR;
		};
		0E94F2331E651AAE00E962B6 /* Curry.framework */ = {
			isa = PBXReferenceProxy;
			fileType = wrapper.framework;
			path = Curry.framework;
			remoteRef = 0E94F2321E651AAE00E962B6 /* PBXContainerItemProxy */;
			sourceTree = BUILT_PRODUCTS_DIR;
		};
		0E94F2401E651ABF00E962B6 /* Prelude.framework */ = {
			isa = PBXReferenceProxy;
			fileType = wrapper.framework;
			path = Prelude.framework;
			remoteRef = 0E94F23F1E651ABF00E962B6 /* PBXContainerItemProxy */;
			sourceTree = BUILT_PRODUCTS_DIR;
		};
		0E94F2421E651ABF00E962B6 /* Prelude-iOSTests.xctest */ = {
			isa = PBXReferenceProxy;
			fileType = wrapper.cfbundle;
			path = "Prelude-iOSTests.xctest";
			remoteRef = 0E94F2411E651ABF00E962B6 /* PBXContainerItemProxy */;
			sourceTree = BUILT_PRODUCTS_DIR;
		};
		0E94F2441E651ABF00E962B6 /* Prelude.framework */ = {
			isa = PBXReferenceProxy;
			fileType = wrapper.framework;
			path = Prelude.framework;
			remoteRef = 0E94F2431E651ABF00E962B6 /* PBXContainerItemProxy */;
			sourceTree = BUILT_PRODUCTS_DIR;
		};
		0E94F2461E651ABF00E962B6 /* Prelude-tvOSTests.xctest */ = {
			isa = PBXReferenceProxy;
			fileType = wrapper.cfbundle;
			path = "Prelude-tvOSTests.xctest";
			remoteRef = 0E94F2451E651ABF00E962B6 /* PBXContainerItemProxy */;
			sourceTree = BUILT_PRODUCTS_DIR;
		};
		0E94F2481E651ABF00E962B6 /* Prelude_UIKit.framework */ = {
			isa = PBXReferenceProxy;
			fileType = wrapper.framework;
			path = Prelude_UIKit.framework;
			remoteRef = 0E94F2471E651ABF00E962B6 /* PBXContainerItemProxy */;
			sourceTree = BUILT_PRODUCTS_DIR;
		};
		0E94F24A1E651ABF00E962B6 /* Prelude-UIKit-iOSTests.xctest */ = {
			isa = PBXReferenceProxy;
			fileType = wrapper.cfbundle;
			path = "Prelude-UIKit-iOSTests.xctest";
			remoteRef = 0E94F2491E651ABF00E962B6 /* PBXContainerItemProxy */;
			sourceTree = BUILT_PRODUCTS_DIR;
		};
		0E94F24C1E651ABF00E962B6 /* Prelude_UIKit.framework */ = {
			isa = PBXReferenceProxy;
			fileType = wrapper.framework;
			path = Prelude_UIKit.framework;
			remoteRef = 0E94F24B1E651ABF00E962B6 /* PBXContainerItemProxy */;
			sourceTree = BUILT_PRODUCTS_DIR;
		};
		0E94F24E1E651ABF00E962B6 /* Prelude-UIKit-tvOSTests.xctest */ = {
			isa = PBXReferenceProxy;
			fileType = wrapper.cfbundle;
			path = "Prelude-UIKit-tvOSTests.xctest";
			remoteRef = 0E94F24D1E651ABF00E962B6 /* PBXContainerItemProxy */;
			sourceTree = BUILT_PRODUCTS_DIR;
		};
		0E94F25B1E651AC700E962B6 /* ReactiveExtensions.framework */ = {
			isa = PBXReferenceProxy;
			fileType = wrapper.framework;
			path = ReactiveExtensions.framework;
			remoteRef = 0E94F25A1E651AC700E962B6 /* PBXContainerItemProxy */;
			sourceTree = BUILT_PRODUCTS_DIR;
		};
		0E94F25D1E651AC700E962B6 /* ReactiveExtensions-iOSTests.xctest */ = {
			isa = PBXReferenceProxy;
			fileType = wrapper.cfbundle;
			path = "ReactiveExtensions-iOSTests.xctest";
			remoteRef = 0E94F25C1E651AC700E962B6 /* PBXContainerItemProxy */;
			sourceTree = BUILT_PRODUCTS_DIR;
		};
		0E94F25F1E651AC700E962B6 /* ReactiveExtensions.framework */ = {
			isa = PBXReferenceProxy;
			fileType = wrapper.framework;
			path = ReactiveExtensions.framework;
			remoteRef = 0E94F25E1E651AC700E962B6 /* PBXContainerItemProxy */;
			sourceTree = BUILT_PRODUCTS_DIR;
		};
		0E94F2611E651AC700E962B6 /* ReactiveExtensions-tvOSTests.xctest */ = {
			isa = PBXReferenceProxy;
			fileType = wrapper.cfbundle;
			path = "ReactiveExtensions-tvOSTests.xctest";
			remoteRef = 0E94F2601E651AC700E962B6 /* PBXContainerItemProxy */;
			sourceTree = BUILT_PRODUCTS_DIR;
		};
		0E94F2631E651AC700E962B6 /* ReactiveExtensions_TestHelpers.framework */ = {
			isa = PBXReferenceProxy;
			fileType = wrapper.framework;
			path = ReactiveExtensions_TestHelpers.framework;
			remoteRef = 0E94F2621E651AC700E962B6 /* PBXContainerItemProxy */;
			sourceTree = BUILT_PRODUCTS_DIR;
		};
		0E94F2651E651AC700E962B6 /* ReactiveExtensions_TestHelpers.framework */ = {
			isa = PBXReferenceProxy;
			fileType = wrapper.framework;
			path = ReactiveExtensions_TestHelpers.framework;
			remoteRef = 0E94F2641E651AC700E962B6 /* PBXContainerItemProxy */;
			sourceTree = BUILT_PRODUCTS_DIR;
		};
		0E94F2711E651AD100E962B6 /* ReactiveCocoa.framework */ = {
			isa = PBXReferenceProxy;
			fileType = wrapper.framework;
			path = ReactiveCocoa.framework;
			remoteRef = 0E94F2701E651AD100E962B6 /* PBXContainerItemProxy */;
			sourceTree = BUILT_PRODUCTS_DIR;
		};
		0E94F2731E651AD100E962B6 /* ReactiveCocoaTests.xctest */ = {
			isa = PBXReferenceProxy;
			fileType = wrapper.cfbundle;
			path = ReactiveCocoaTests.xctest;
			remoteRef = 0E94F2721E651AD100E962B6 /* PBXContainerItemProxy */;
			sourceTree = BUILT_PRODUCTS_DIR;
		};
		0E94F2751E651AD100E962B6 /* ReactiveCocoa.framework */ = {
			isa = PBXReferenceProxy;
			fileType = wrapper.framework;
			path = ReactiveCocoa.framework;
			remoteRef = 0E94F2741E651AD100E962B6 /* PBXContainerItemProxy */;
			sourceTree = BUILT_PRODUCTS_DIR;
		};
		0E94F2771E651AD100E962B6 /* ReactiveCocoaTests.xctest */ = {
			isa = PBXReferenceProxy;
			fileType = wrapper.cfbundle;
			path = ReactiveCocoaTests.xctest;
			remoteRef = 0E94F2761E651AD100E962B6 /* PBXContainerItemProxy */;
			sourceTree = BUILT_PRODUCTS_DIR;
		};
		0E94F2791E651AD100E962B6 /* ReactiveCocoa.framework */ = {
			isa = PBXReferenceProxy;
			fileType = wrapper.framework;
			path = ReactiveCocoa.framework;
			remoteRef = 0E94F2781E651AD100E962B6 /* PBXContainerItemProxy */;
			sourceTree = BUILT_PRODUCTS_DIR;
		};
		0E94F27B1E651AD100E962B6 /* ReactiveCocoa.framework */ = {
			isa = PBXReferenceProxy;
			fileType = wrapper.framework;
			path = ReactiveCocoa.framework;
			remoteRef = 0E94F27A1E651AD100E962B6 /* PBXContainerItemProxy */;
			sourceTree = BUILT_PRODUCTS_DIR;
		};
		0E94F27D1E651AD100E962B6 /* ReactiveCocoaTests.xctest */ = {
			isa = PBXReferenceProxy;
			fileType = wrapper.cfbundle;
			path = ReactiveCocoaTests.xctest;
			remoteRef = 0E94F27C1E651AD100E962B6 /* PBXContainerItemProxy */;
			sourceTree = BUILT_PRODUCTS_DIR;
		};
		0E94F2891E651AE000E962B6 /* ReactiveSwift.framework */ = {
			isa = PBXReferenceProxy;
			fileType = wrapper.framework;
			path = ReactiveSwift.framework;
			remoteRef = 0E94F2881E651AE000E962B6 /* PBXContainerItemProxy */;
			sourceTree = BUILT_PRODUCTS_DIR;
		};
		0E94F28B1E651AE000E962B6 /* ReactiveSwiftTests.xctest */ = {
			isa = PBXReferenceProxy;
			fileType = wrapper.cfbundle;
			path = ReactiveSwiftTests.xctest;
			remoteRef = 0E94F28A1E651AE000E962B6 /* PBXContainerItemProxy */;
			sourceTree = BUILT_PRODUCTS_DIR;
		};
		0E94F28D1E651AE000E962B6 /* ReactiveSwift.framework */ = {
			isa = PBXReferenceProxy;
			fileType = wrapper.framework;
			path = ReactiveSwift.framework;
			remoteRef = 0E94F28C1E651AE000E962B6 /* PBXContainerItemProxy */;
			sourceTree = BUILT_PRODUCTS_DIR;
		};
		0E94F28F1E651AE000E962B6 /* ReactiveSwiftTests.xctest */ = {
			isa = PBXReferenceProxy;
			fileType = wrapper.cfbundle;
			path = ReactiveSwiftTests.xctest;
			remoteRef = 0E94F28E1E651AE000E962B6 /* PBXContainerItemProxy */;
			sourceTree = BUILT_PRODUCTS_DIR;
		};
		0E94F2911E651AE000E962B6 /* ReactiveSwift.framework */ = {
			isa = PBXReferenceProxy;
			fileType = wrapper.framework;
			path = ReactiveSwift.framework;
			remoteRef = 0E94F2901E651AE000E962B6 /* PBXContainerItemProxy */;
			sourceTree = BUILT_PRODUCTS_DIR;
		};
		0E94F2931E651AE000E962B6 /* ReactiveSwift.framework */ = {
			isa = PBXReferenceProxy;
			fileType = wrapper.framework;
			path = ReactiveSwift.framework;
			remoteRef = 0E94F2921E651AE000E962B6 /* PBXContainerItemProxy */;
			sourceTree = BUILT_PRODUCTS_DIR;
		};
		0E94F2951E651AE000E962B6 /* ReactiveSwiftTests.xctest */ = {
			isa = PBXReferenceProxy;
			fileType = wrapper.cfbundle;
			path = ReactiveSwiftTests.xctest;
			remoteRef = 0E94F2941E651AE000E962B6 /* PBXContainerItemProxy */;
			sourceTree = BUILT_PRODUCTS_DIR;
		};
		0E94F2A21E651AE900E962B6 /* Result.framework */ = {
			isa = PBXReferenceProxy;
			fileType = wrapper.framework;
			path = Result.framework;
			remoteRef = 0E94F2A11E651AE900E962B6 /* PBXContainerItemProxy */;
			sourceTree = BUILT_PRODUCTS_DIR;
		};
		0E94F2A41E651AE900E962B6 /* Result-MacTests.xctest */ = {
			isa = PBXReferenceProxy;
			fileType = wrapper.cfbundle;
			path = "Result-MacTests.xctest";
			remoteRef = 0E94F2A31E651AE900E962B6 /* PBXContainerItemProxy */;
			sourceTree = BUILT_PRODUCTS_DIR;
		};
		0E94F2A61E651AE900E962B6 /* Result.framework */ = {
			isa = PBXReferenceProxy;
			fileType = wrapper.framework;
			path = Result.framework;
			remoteRef = 0E94F2A51E651AE900E962B6 /* PBXContainerItemProxy */;
			sourceTree = BUILT_PRODUCTS_DIR;
		};
		0E94F2A81E651AE900E962B6 /* Result-iOSTests.xctest */ = {
			isa = PBXReferenceProxy;
			fileType = wrapper.cfbundle;
			path = "Result-iOSTests.xctest";
			remoteRef = 0E94F2A71E651AE900E962B6 /* PBXContainerItemProxy */;
			sourceTree = BUILT_PRODUCTS_DIR;
		};
		0E94F2AA1E651AE900E962B6 /* Result.framework */ = {
			isa = PBXReferenceProxy;
			fileType = wrapper.framework;
			path = Result.framework;
			remoteRef = 0E94F2A91E651AE900E962B6 /* PBXContainerItemProxy */;
			sourceTree = BUILT_PRODUCTS_DIR;
		};
		0E94F2AC1E651AE900E962B6 /* Result-tvOSTests.xctest */ = {
			isa = PBXReferenceProxy;
			fileType = wrapper.cfbundle;
			path = "Result-tvOSTests.xctest";
			remoteRef = 0E94F2AB1E651AE900E962B6 /* PBXContainerItemProxy */;
			sourceTree = BUILT_PRODUCTS_DIR;
		};
		0E94F2AE1E651AE900E962B6 /* Result.framework */ = {
			isa = PBXReferenceProxy;
			fileType = wrapper.framework;
			path = Result.framework;
			remoteRef = 0E94F2AD1E651AE900E962B6 /* PBXContainerItemProxy */;
			sourceTree = BUILT_PRODUCTS_DIR;
		};
		0E94F2B01E651AE900E962B6 /* Result-watchOSTests.xctest */ = {
			isa = PBXReferenceProxy;
			fileType = wrapper.cfbundle;
			path = "Result-watchOSTests.xctest";
			remoteRef = 0E94F2AF1E651AE900E962B6 /* PBXContainerItemProxy */;
			sourceTree = BUILT_PRODUCTS_DIR;
		};
		0E94F2BC1E651AF100E962B6 /* Runes.framework */ = {
			isa = PBXReferenceProxy;
			fileType = wrapper.framework;
			path = Runes.framework;
			remoteRef = 0E94F2BB1E651AF100E962B6 /* PBXContainerItemProxy */;
			sourceTree = BUILT_PRODUCTS_DIR;
		};
		0E94F2BE1E651AF100E962B6 /* Runes.framework */ = {
			isa = PBXReferenceProxy;
			fileType = wrapper.framework;
			path = Runes.framework;
			remoteRef = 0E94F2BD1E651AF100E962B6 /* PBXContainerItemProxy */;
			sourceTree = BUILT_PRODUCTS_DIR;
		};
		0E94F2C01E651AF100E962B6 /* Runes.framework */ = {
			isa = PBXReferenceProxy;
			fileType = wrapper.framework;
			path = Runes.framework;
			remoteRef = 0E94F2BF1E651AF100E962B6 /* PBXContainerItemProxy */;
			sourceTree = BUILT_PRODUCTS_DIR;
		};
		0E94F2C21E651AF100E962B6 /* Runes-iOS Tests.xctest */ = {
			isa = PBXReferenceProxy;
			fileType = wrapper.cfbundle;
			path = "Runes-iOS Tests.xctest";
			remoteRef = 0E94F2C11E651AF100E962B6 /* PBXContainerItemProxy */;
			sourceTree = BUILT_PRODUCTS_DIR;
		};
		0E94F2C41E651AF100E962B6 /* Runes-Mac Tests.xctest */ = {
			isa = PBXReferenceProxy;
			fileType = wrapper.cfbundle;
			path = "Runes-Mac Tests.xctest";
			remoteRef = 0E94F2C31E651AF100E962B6 /* PBXContainerItemProxy */;
			sourceTree = BUILT_PRODUCTS_DIR;
		};
		0E94F2C61E651AF100E962B6 /* Runes-tvOS Tests.xctest */ = {
			isa = PBXReferenceProxy;
			fileType = wrapper.cfbundle;
			path = "Runes-tvOS Tests.xctest";
			remoteRef = 0E94F2C51E651AF100E962B6 /* PBXContainerItemProxy */;
			sourceTree = BUILT_PRODUCTS_DIR;
		};
		0E94F2C81E651AF100E962B6 /* Runes.framework */ = {
			isa = PBXReferenceProxy;
			fileType = wrapper.framework;
			path = Runes.framework;
			remoteRef = 0E94F2C71E651AF100E962B6 /* PBXContainerItemProxy */;
			sourceTree = BUILT_PRODUCTS_DIR;
		};
		0E94F2CF1E651B2B00E962B6 /* GHAPI.framework */ = {
			isa = PBXReferenceProxy;
			fileType = wrapper.framework;
			path = GHAPI.framework;
			remoteRef = 0E94F2CE1E651B2B00E962B6 /* PBXContainerItemProxy */;
			sourceTree = BUILT_PRODUCTS_DIR;
		};
		0E94F2D11E651B2B00E962B6 /* GHAPITests.xctest */ = {
			isa = PBXReferenceProxy;
			fileType = wrapper.cfbundle;
			path = GHAPITests.xctest;
			remoteRef = 0E94F2D01E651B2B00E962B6 /* PBXContainerItemProxy */;
			sourceTree = BUILT_PRODUCTS_DIR;
		};
		0E94F5B41E65756C00E962B6 /* M13ProgressSuiteDemo.app */ = {
			isa = PBXReferenceProxy;
			fileType = wrapper.application;
			path = M13ProgressSuiteDemo.app;
			remoteRef = 0E94F5B31E65756C00E962B6 /* PBXContainerItemProxy */;
			sourceTree = BUILT_PRODUCTS_DIR;
		};
		0E94F5B61E65756C00E962B6 /* M13ProgressSuiteTests.xctest */ = {
			isa = PBXReferenceProxy;
			fileType = wrapper.cfbundle;
			path = M13ProgressSuiteTests.xctest;
			remoteRef = 0E94F5B51E65756C00E962B6 /* PBXContainerItemProxy */;
			sourceTree = BUILT_PRODUCTS_DIR;
		};
		0E94F5B81E65756C00E962B6 /* M13ProgressSuite.framework */ = {
			isa = PBXReferenceProxy;
			fileType = wrapper.framework;
			path = M13ProgressSuite.framework;
			remoteRef = 0E94F5B71E65756C00E962B6 /* PBXContainerItemProxy */;
			sourceTree = BUILT_PRODUCTS_DIR;
		};
		0E94F5C41E6587D700E962B6 /* SlideMenuControllerSwift.app */ = {
			isa = PBXReferenceProxy;
			fileType = wrapper.application;
			path = SlideMenuControllerSwift.app;
			remoteRef = 0E94F5C31E6587D700E962B6 /* PBXContainerItemProxy */;
			sourceTree = BUILT_PRODUCTS_DIR;
		};
		0E94F5C61E6587D700E962B6 /* SlideMenuControllerSwiftTests.xctest */ = {
			isa = PBXReferenceProxy;
			fileType = wrapper.cfbundle;
			path = SlideMenuControllerSwiftTests.xctest;
			remoteRef = 0E94F5C51E6587D700E962B6 /* PBXContainerItemProxy */;
			sourceTree = BUILT_PRODUCTS_DIR;
		};
		0E94F5C81E6587D700E962B6 /* SlideMenuControllerSwift.framework */ = {
			isa = PBXReferenceProxy;
			fileType = wrapper.framework;
			path = SlideMenuControllerSwift.framework;
			remoteRef = 0E94F5C71E6587D700E962B6 /* PBXContainerItemProxy */;
			sourceTree = BUILT_PRODUCTS_DIR;
		};
/* End PBXReferenceProxy section */

/* Begin PBXResourcesBuildPhase section */
		0E94F1E71E65189900E962B6 /* Resources */ = {
			isa = PBXResourcesBuildPhase;
			buildActionMask = 2147483647;
			files = (
				0E94F3281E651FE000E962B6 /* Login.storyboard in Resources */,
				0E94F1F71E65189900E962B6 /* LaunchScreen.storyboard in Resources */,
				0E94F1F41E65189900E962B6 /* Assets.xcassets in Resources */,
				0E84B5621E67AADA00C5ADF7 /* Menu.storyboard in Resources */,
				0E84B5A01E67C3DE00C5ADF7 /* UserProfile.storyboard in Resources */,
				0E50AA321E6844700002A40D /* Main.storyboard in Resources */,
			);
			runOnlyForDeploymentPostprocessing = 0;
		};
		0E94F1FB1E65189900E962B6 /* Resources */ = {
			isa = PBXResourcesBuildPhase;
			buildActionMask = 2147483647;
			files = (
			);
			runOnlyForDeploymentPostprocessing = 0;
		};
/* End PBXResourcesBuildPhase section */

/* Begin PBXSourcesBuildPhase section */
		0E94F1E51E65189900E962B6 /* Sources */ = {
			isa = PBXSourcesBuildPhase;
			buildActionMask = 2147483647;
			files = (
				0E94F32A1E65206000E962B6 /* LoginViewController.swift in Sources */,
				0E50AA431E6849500002A40D /* RootSplitViewController.swift in Sources */,
				0E84B5A21E67C3EE00C5ADF7 /* UserProfileViewController.swift in Sources */,
				0E94F3211E651CBA00E962B6 /* Storyboard.swift in Sources */,
				0E238F4B1E6BD6DB001F493A /* UserProfileEventTableViewCell.swift in Sources */,
				0E50AA0C1E67F6310002A40D /* KeyValueStoreType.swift in Sources */,
				0E94F32C1E652B4500E962B6 /* LoginViewModel.swift in Sources */,
				0E84B59A1E67AB1300C5ADF7 /* MenuViewModel.swift in Sources */,
				0ED6464C1E6950E700017D28 /* ValueCell.swift in Sources */,
				0E94F3221E651CBA00E962B6 /* UIViewController-Preparation.swift in Sources */,
				0E50AA0A1E67F6140002A40D /* Reachability.swift in Sources */,
				0E50A9CC1E67F5210002A40D /* KSCache.swift in Sources */,
				0E50AA121E67FCF60002A40D /* AppDelegateViewModel.swift in Sources */,
				0E238F4D1E6BD777001F493A /* UserProfileOrganizationTableViewCell.swift in Sources */,
				0ED646101E69508D00017D28 /* ValueCellDataSource.swift in Sources */,
				0E238F471E6BD60B001F493A /* UserProfileEventDatasource.swift in Sources */,
				0E94F3201E651CBA00E962B6 /* NSBundleType.swift in Sources */,
				0E94F1ED1E65189900E962B6 /* AppDelegate.swift in Sources */,
				0E238F491E6BD669001F493A /* UserProfileOrganizationDatasource.swift in Sources */,
				0ED6460E1E69500900017D28 /* MenuDataSource.swift in Sources */,
				0E94F5AB1E654ABF00E962B6 /* Account.swift in Sources */,
				0E238F0E1E6BAA28001F493A /* UserProfileViewModel.swift in Sources */,
				0E50AA301E6843D30002A40D /* Notifications.swift in Sources */,
				0ED6464E1E695BCD00017D28 /* UIView-Extensions.swift in Sources */,
				0E50AA021E67F55B0002A40D /* NSHTTPCookieStorageType.swift in Sources */,
				0E84B5981E67AAF000C5ADF7 /* MenuViewController.swift in Sources */,
				0E50AA041E67F56F0002A40D /* DateProtocol.swift in Sources */,
				0E84B59C1E67AB2E00C5ADF7 /* Environment.swift in Sources */,
				0E50AA781E6849B00002A40D /* RootSplitViewModel.swift in Sources */,
				0ED646531E69901200017D28 /* MenuItem.swift in Sources */,
				0E84B59E1E67AB3B00C5ADF7 /* AppEnvironment.swift in Sources */,
				0ED646511E695C4300017D28 /* MenuGeneralCell.swift in Sources */,
			);
			runOnlyForDeploymentPostprocessing = 0;
		};
		0E94F1F91E65189900E962B6 /* Sources */ = {
			isa = PBXSourcesBuildPhase;
			buildActionMask = 2147483647;
			files = (
				0E94F2021E65189900E962B6 /* GHClientTests.swift in Sources */,
			);
			runOnlyForDeploymentPostprocessing = 0;
		};
/* End PBXSourcesBuildPhase section */

/* Begin PBXTargetDependency section */
		0E50AA101E67FA3F0002A40D /* PBXTargetDependency */ = {
			isa = PBXTargetDependency;
			name = "SlideMenuControllerSwift-iOS";
			targetProxy = 0E50AA0F1E67FA3F0002A40D /* PBXContainerItemProxy */;
		};
		0E94F1FF1E65189900E962B6 /* PBXTargetDependency */ = {
			isa = PBXTargetDependency;
			target = 0E94F1E81E65189900E962B6 /* GHClient */;
			targetProxy = 0E94F1FE1E65189900E962B6 /* PBXContainerItemProxy */;
		};
		0E94F2D51E651B7E00E962B6 /* PBXTargetDependency */ = {
			isa = PBXTargetDependency;
			name = GHAPI;
			targetProxy = 0E94F2D41E651B7E00E962B6 /* PBXContainerItemProxy */;
		};
		0E94F2D91E651B7E00E962B6 /* PBXTargetDependency */ = {
			isa = PBXTargetDependency;
			name = "Runes-iOS";
			targetProxy = 0E94F2D81E651B7E00E962B6 /* PBXContainerItemProxy */;
		};
		0E94F2DD1E651B7E00E962B6 /* PBXTargetDependency */ = {
			isa = PBXTargetDependency;
			name = "Result-iOS";
			targetProxy = 0E94F2DC1E651B7E00E962B6 /* PBXContainerItemProxy */;
		};
		0E94F2E11E651B7E00E962B6 /* PBXTargetDependency */ = {
			isa = PBXTargetDependency;
			name = "ReactiveSwift-iOS";
			targetProxy = 0E94F2E01E651B7E00E962B6 /* PBXContainerItemProxy */;
		};
		0E94F2E51E651B7E00E962B6 /* PBXTargetDependency */ = {
			isa = PBXTargetDependency;
			name = "ReactiveCocoa-iOS";
			targetProxy = 0E94F2E41E651B7E00E962B6 /* PBXContainerItemProxy */;
		};
		0E94F2E91E651B7E00E962B6 /* PBXTargetDependency */ = {
			isa = PBXTargetDependency;
			name = "ReactiveExtensions-iOS";
			targetProxy = 0E94F2E81E651B7E00E962B6 /* PBXContainerItemProxy */;
		};
		0E94F2ED1E651B7E00E962B6 /* PBXTargetDependency */ = {
			isa = PBXTargetDependency;
			name = "Prelude-iOS";
			targetProxy = 0E94F2EC1E651B7E00E962B6 /* PBXContainerItemProxy */;
		};
		0E94F2F11E651B7E00E962B6 /* PBXTargetDependency */ = {
			isa = PBXTargetDependency;
			name = "Prelude-UIKit-iOS";
			targetProxy = 0E94F2F01E651B7E00E962B6 /* PBXContainerItemProxy */;
		};
		0E94F2F51E651B7E00E962B6 /* PBXTargetDependency */ = {
			isa = PBXTargetDependency;
			name = "Curry-iOS";
			targetProxy = 0E94F2F41E651B7E00E962B6 /* PBXContainerItemProxy */;
		};
		0E94F2F91E651B7E00E962B6 /* PBXTargetDependency */ = {
			isa = PBXTargetDependency;
			name = "Argo-iOS";
			targetProxy = 0E94F2F81E651B7E00E962B6 /* PBXContainerItemProxy */;
		};
		0E94F5BC1E65758400E962B6 /* PBXTargetDependency */ = {
			isa = PBXTargetDependency;
			name = M13ProgressSuiteFramework;
			targetProxy = 0E94F5BB1E65758400E962B6 /* PBXContainerItemProxy */;
		};
/* End PBXTargetDependency section */

/* Begin PBXVariantGroup section */
		0E94F1F51E65189900E962B6 /* LaunchScreen.storyboard */ = {
			isa = PBXVariantGroup;
			children = (
				0E94F1F61E65189900E962B6 /* Base */,
			);
			name = LaunchScreen.storyboard;
			sourceTree = "<group>";
		};
/* End PBXVariantGroup section */

/* Begin XCBuildConfiguration section */
		0E94F2041E65189900E962B6 /* Debug */ = {
			isa = XCBuildConfiguration;
			buildSettings = {
				ALWAYS_SEARCH_USER_PATHS = NO;
				CLANG_ANALYZER_NONNULL = YES;
				CLANG_CXX_LANGUAGE_STANDARD = "gnu++0x";
				CLANG_CXX_LIBRARY = "libc++";
				CLANG_ENABLE_MODULES = YES;
				CLANG_ENABLE_OBJC_ARC = YES;
				CLANG_WARN_BOOL_CONVERSION = YES;
				CLANG_WARN_CONSTANT_CONVERSION = YES;
				CLANG_WARN_DIRECT_OBJC_ISA_USAGE = YES_ERROR;
				CLANG_WARN_DOCUMENTATION_COMMENTS = YES;
				CLANG_WARN_EMPTY_BODY = YES;
				CLANG_WARN_ENUM_CONVERSION = YES;
				CLANG_WARN_INFINITE_RECURSION = YES;
				CLANG_WARN_INT_CONVERSION = YES;
				CLANG_WARN_OBJC_ROOT_CLASS = YES_ERROR;
				CLANG_WARN_SUSPICIOUS_MOVE = YES;
				CLANG_WARN_UNREACHABLE_CODE = YES;
				CLANG_WARN__DUPLICATE_METHOD_MATCH = YES;
				"CODE_SIGN_IDENTITY[sdk=iphoneos*]" = "iPhone Developer";
				COPY_PHASE_STRIP = NO;
				DEBUG_INFORMATION_FORMAT = dwarf;
				ENABLE_STRICT_OBJC_MSGSEND = YES;
				ENABLE_TESTABILITY = YES;
				GCC_C_LANGUAGE_STANDARD = gnu99;
				GCC_DYNAMIC_NO_PIC = NO;
				GCC_NO_COMMON_BLOCKS = YES;
				GCC_OPTIMIZATION_LEVEL = 0;
				GCC_PREPROCESSOR_DEFINITIONS = (
					"DEBUG=1",
					"$(inherited)",
				);
				GCC_WARN_64_TO_32_BIT_CONVERSION = YES;
				GCC_WARN_ABOUT_RETURN_TYPE = YES_ERROR;
				GCC_WARN_UNDECLARED_SELECTOR = YES;
				GCC_WARN_UNINITIALIZED_AUTOS = YES_AGGRESSIVE;
				GCC_WARN_UNUSED_FUNCTION = YES;
				GCC_WARN_UNUSED_VARIABLE = YES;
				IPHONEOS_DEPLOYMENT_TARGET = 10.2;
				MTL_ENABLE_DEBUG_INFO = YES;
				ONLY_ACTIVE_ARCH = YES;
				SDKROOT = iphoneos;
				SWIFT_ACTIVE_COMPILATION_CONDITIONS = DEBUG;
				SWIFT_OPTIMIZATION_LEVEL = "-Onone";
			};
			name = Debug;
		};
		0E94F2051E65189900E962B6 /* Release */ = {
			isa = XCBuildConfiguration;
			buildSettings = {
				ALWAYS_SEARCH_USER_PATHS = NO;
				CLANG_ANALYZER_NONNULL = YES;
				CLANG_CXX_LANGUAGE_STANDARD = "gnu++0x";
				CLANG_CXX_LIBRARY = "libc++";
				CLANG_ENABLE_MODULES = YES;
				CLANG_ENABLE_OBJC_ARC = YES;
				CLANG_WARN_BOOL_CONVERSION = YES;
				CLANG_WARN_CONSTANT_CONVERSION = YES;
				CLANG_WARN_DIRECT_OBJC_ISA_USAGE = YES_ERROR;
				CLANG_WARN_DOCUMENTATION_COMMENTS = YES;
				CLANG_WARN_EMPTY_BODY = YES;
				CLANG_WARN_ENUM_CONVERSION = YES;
				CLANG_WARN_INFINITE_RECURSION = YES;
				CLANG_WARN_INT_CONVERSION = YES;
				CLANG_WARN_OBJC_ROOT_CLASS = YES_ERROR;
				CLANG_WARN_SUSPICIOUS_MOVE = YES;
				CLANG_WARN_UNREACHABLE_CODE = YES;
				CLANG_WARN__DUPLICATE_METHOD_MATCH = YES;
				"CODE_SIGN_IDENTITY[sdk=iphoneos*]" = "iPhone Developer";
				COPY_PHASE_STRIP = NO;
				DEBUG_INFORMATION_FORMAT = "dwarf-with-dsym";
				ENABLE_NS_ASSERTIONS = NO;
				ENABLE_STRICT_OBJC_MSGSEND = YES;
				GCC_C_LANGUAGE_STANDARD = gnu99;
				GCC_NO_COMMON_BLOCKS = YES;
				GCC_WARN_64_TO_32_BIT_CONVERSION = YES;
				GCC_WARN_ABOUT_RETURN_TYPE = YES_ERROR;
				GCC_WARN_UNDECLARED_SELECTOR = YES;
				GCC_WARN_UNINITIALIZED_AUTOS = YES_AGGRESSIVE;
				GCC_WARN_UNUSED_FUNCTION = YES;
				GCC_WARN_UNUSED_VARIABLE = YES;
				IPHONEOS_DEPLOYMENT_TARGET = 10.2;
				MTL_ENABLE_DEBUG_INFO = NO;
				SDKROOT = iphoneos;
				SWIFT_OPTIMIZATION_LEVEL = "-Owholemodule";
				VALIDATE_PRODUCT = YES;
			};
			name = Release;
		};
		0E94F2071E65189900E962B6 /* Debug */ = {
			isa = XCBuildConfiguration;
			buildSettings = {
				ALWAYS_EMBED_SWIFT_STANDARD_LIBRARIES = YES;
				ASSETCATALOG_COMPILER_APPICON_NAME = AppIcon;
				DEVELOPMENT_TEAM = 6T5NK4S24M;
				INFOPLIST_FILE = GHClient/Info.plist;
				LD_RUNPATH_SEARCH_PATHS = "$(inherited) @executable_path/Frameworks";
				PRODUCT_BUNDLE_IDENTIFIER = Keith.Pi.Tsui.GHClient;
				PRODUCT_NAME = "$(TARGET_NAME)";
				SWIFT_VERSION = 3.0;
			};
			name = Debug;
		};
		0E94F2081E65189900E962B6 /* Release */ = {
			isa = XCBuildConfiguration;
			buildSettings = {
				ALWAYS_EMBED_SWIFT_STANDARD_LIBRARIES = YES;
				ASSETCATALOG_COMPILER_APPICON_NAME = AppIcon;
				DEVELOPMENT_TEAM = 6T5NK4S24M;
				INFOPLIST_FILE = GHClient/Info.plist;
				LD_RUNPATH_SEARCH_PATHS = "$(inherited) @executable_path/Frameworks";
				PRODUCT_BUNDLE_IDENTIFIER = Keith.Pi.Tsui.GHClient;
				PRODUCT_NAME = "$(TARGET_NAME)";
				SWIFT_VERSION = 3.0;
			};
			name = Release;
		};
		0E94F20A1E65189900E962B6 /* Debug */ = {
			isa = XCBuildConfiguration;
			buildSettings = {
				ALWAYS_EMBED_SWIFT_STANDARD_LIBRARIES = YES;
				BUNDLE_LOADER = "$(TEST_HOST)";
				DEVELOPMENT_TEAM = 6T5NK4S24M;
				INFOPLIST_FILE = GHClientTests/Info.plist;
				LD_RUNPATH_SEARCH_PATHS = "$(inherited) @executable_path/Frameworks @loader_path/Frameworks";
				PRODUCT_BUNDLE_IDENTIFIER = Keith.Pi.Tsui.GHClientTests;
				PRODUCT_NAME = "$(TARGET_NAME)";
				SWIFT_VERSION = 3.0;
				TEST_HOST = "$(BUILT_PRODUCTS_DIR)/GHClient.app/GHClient";
			};
			name = Debug;
		};
		0E94F20B1E65189900E962B6 /* Release */ = {
			isa = XCBuildConfiguration;
			buildSettings = {
				ALWAYS_EMBED_SWIFT_STANDARD_LIBRARIES = YES;
				BUNDLE_LOADER = "$(TEST_HOST)";
				DEVELOPMENT_TEAM = 6T5NK4S24M;
				INFOPLIST_FILE = GHClientTests/Info.plist;
				LD_RUNPATH_SEARCH_PATHS = "$(inherited) @executable_path/Frameworks @loader_path/Frameworks";
				PRODUCT_BUNDLE_IDENTIFIER = Keith.Pi.Tsui.GHClientTests;
				PRODUCT_NAME = "$(TARGET_NAME)";
				SWIFT_VERSION = 3.0;
				TEST_HOST = "$(BUILT_PRODUCTS_DIR)/GHClient.app/GHClient";
			};
			name = Release;
		};
/* End XCBuildConfiguration section */

/* Begin XCConfigurationList section */
		0E94F1E41E65189900E962B6 /* Build configuration list for PBXProject "GHClient" */ = {
			isa = XCConfigurationList;
			buildConfigurations = (
				0E94F2041E65189900E962B6 /* Debug */,
				0E94F2051E65189900E962B6 /* Release */,
			);
			defaultConfigurationIsVisible = 0;
			defaultConfigurationName = Release;
		};
		0E94F2061E65189900E962B6 /* Build configuration list for PBXNativeTarget "GHClient" */ = {
			isa = XCConfigurationList;
			buildConfigurations = (
				0E94F2071E65189900E962B6 /* Debug */,
				0E94F2081E65189900E962B6 /* Release */,
			);
			defaultConfigurationIsVisible = 0;
			defaultConfigurationName = Release;
		};
		0E94F2091E65189900E962B6 /* Build configuration list for PBXNativeTarget "GHClientTests" */ = {
			isa = XCConfigurationList;
			buildConfigurations = (
				0E94F20A1E65189900E962B6 /* Debug */,
				0E94F20B1E65189900E962B6 /* Release */,
			);
			defaultConfigurationIsVisible = 0;
			defaultConfigurationName = Release;
		};
/* End XCConfigurationList section */
	};
	rootObject = 0E94F1E11E65189900E962B6 /* Project object */;
}
